
Microsoft Visual Studio Solution File, Format Version 12.00
# Visual Studio 2013
VisualStudioVersion = 12.0.31101.0
MinimumVisualStudioVersion = 10.0.40219.1
Project("{FAE04EC0-301F-11D3-BF4B-00C04F79EFBC}") = "AWSSDK.SyncManager.Net45", "sdk\AWSSDK.SyncManager.Net45.csproj", "{75252F5A-D3F2-4A4E-ADDC-560E1E3C2066}"
EndProject
Project("{FAE04EC0-301F-11D3-BF4B-00C04F79EFBC}") = "AWSSDK.SyncManager.PCL", "sdk\AWSSDK.SyncManager.PCL.csproj", "{D8590BBA-340E-4368-A96A-E5298FA40BCA}"
EndProject
Project("{2150E333-8FDC-42A3-9474-1A3956D46DE8}") = "sdk", "sdk", "{7814C2BC-C24B-42F6-B58C-2F7A3E9D87C3}"
EndProject
Project("{2150E333-8FDC-42A3-9474-1A3956D46DE8}") = "test", "test", "{A66646EE-F186-4916-B712-CCA06991BD1A}"
EndProject
Project("{2150E333-8FDC-42A3-9474-1A3956D46DE8}") = "UnitTests", "UnitTests", "{99D70006-C0B7-452D-B14F-39B7653EE3E7}"
EndProject
Project("{2150E333-8FDC-42A3-9474-1A3956D46DE8}") = "IntegrationTests", "IntegrationTests", "{52486ECD-DF22-4733-B559-376D478B2CBC}"
EndProject
Project("{FAE04EC0-301F-11D3-BF4B-00C04F79EFBC}") = "AWSSDK.IntegrationTests.Net45", "test\IntegrationTests\AWSSDK.IntegrationTests.Net45.csproj", "{212FE907-7411-4661-B2D4-6522893DEF5E}"
EndProject
Project("{FAE04EC0-301F-11D3-BF4B-00C04F79EFBC}") = "AWSSDK.UnitTests.Net45", "test\UnitTests\AWSSDK.UnitTests.Net45.csproj", "{85DDD489-DC36-43AF-864A-395168A0EB54}"
EndProject
Global
	GlobalSection(SolutionConfigurationPlatforms) = preSolution
		Debug|Any CPU = Debug|Any CPU
		Release|Any CPU = Release|Any CPU
	EndGlobalSection
	GlobalSection(ProjectConfigurationPlatforms) = postSolution
		{75252F5A-D3F2-4A4E-ADDC-560E1E3C2066}.Debug|Any CPU.ActiveCfg = Debug|Any CPU
		{75252F5A-D3F2-4A4E-ADDC-560E1E3C2066}.Debug|Any CPU.Build.0 = Debug|Any CPU
		{75252F5A-D3F2-4A4E-ADDC-560E1E3C2066}.Release|Any CPU.ActiveCfg = Release|Any CPU
		{75252F5A-D3F2-4A4E-ADDC-560E1E3C2066}.Release|Any CPU.Build.0 = Release|Any CPU
		{D8590BBA-340E-4368-A96A-E5298FA40BCA}.Debug|Any CPU.ActiveCfg = Debug|Any CPU
		{D8590BBA-340E-4368-A96A-E5298FA40BCA}.Debug|Any CPU.Build.0 = Debug|Any CPU
		{D8590BBA-340E-4368-A96A-E5298FA40BCA}.Release|Any CPU.ActiveCfg = Release|Any CPU
		{D8590BBA-340E-4368-A96A-E5298FA40BCA}.Release|Any CPU.Build.0 = Release|Any CPU
		{212FE907-7411-4661-B2D4-6522893DEF5E}.Debug|Any CPU.ActiveCfg = Debug|Any CPU
		{212FE907-7411-4661-B2D4-6522893DEF5E}.Debug|Any CPU.Build.0 = Debug|Any CPU
		{212FE907-7411-4661-B2D4-6522893DEF5E}.Release|Any CPU.ActiveCfg = Release|Any CPU
		{212FE907-7411-4661-B2D4-6522893DEF5E}.Release|Any CPU.Build.0 = Release|Any CPU
		{85DDD489-DC36-43AF-864A-395168A0EB54}.Debug|Any CPU.ActiveCfg = Debug|Any CPU
		{85DDD489-DC36-43AF-864A-395168A0EB54}.Debug|Any CPU.Build.0 = Debug|Any CPU
		{85DDD489-DC36-43AF-864A-395168A0EB54}.Release|Any CPU.ActiveCfg = Release|Any CPU
		{85DDD489-DC36-43AF-864A-395168A0EB54}.Release|Any CPU.Build.0 = Release|Any CPU
	EndGlobalSection
	GlobalSection(SolutionProperties) = preSolution
		HideSolutionNode = FALSE
	EndGlobalSection
	GlobalSection(NestedProjects) = preSolution
		{75252F5A-D3F2-4A4E-ADDC-560E1E3C2066} = {7814C2BC-C24B-42F6-B58C-2F7A3E9D87C3}
		{D8590BBA-340E-4368-A96A-E5298FA40BCA} = {7814C2BC-C24B-42F6-B58C-2F7A3E9D87C3}
		{99D70006-C0B7-452D-B14F-39B7653EE3E7} = {A66646EE-F186-4916-B712-CCA06991BD1A}
		{52486ECD-DF22-4733-B559-376D478B2CBC} = {A66646EE-F186-4916-B712-CCA06991BD1A}
		{212FE907-7411-4661-B2D4-6522893DEF5E} = {52486ECD-DF22-4733-B559-376D478B2CBC}
		{85DDD489-DC36-43AF-864A-395168A0EB54} = {99D70006-C0B7-452D-B14F-39B7653EE3E7}
	EndGlobalSection
EndGlobal
