
Microsoft Visual Studio Solution File, Format Version 12.00
# Visual Studio 2013
VisualStudioVersion = 12.0.40629.0
MinimumVisualStudioVersion = 10.0.40219.1
Project("{FAE04EC0-301F-11D3-BF4B-00C04F79EFBC}") = "AWSSDK.SyncManager.Net45", "src\AWSSDK.SyncManager.Net45.csproj", "{75252F5A-D3F2-4A4E-ADDC-560E1E3C2066}"
EndProject
Project("{FAE04EC0-301F-11D3-BF4B-00C04F79EFBC}") = "AWSSDK.SyncManager.PCL", "src\AWSSDK.SyncManager.PCL.csproj", "{D8590BBA-340E-4368-A96A-E5298FA40BCA}"
EndProject
Project("{2150E333-8FDC-42A3-9474-1A3956D46DE8}") = "src", "src", "{7814C2BC-C24B-42F6-B58C-2F7A3E9D87C3}"
EndProject
Project("{2150E333-8FDC-42A3-9474-1A3956D46DE8}") = "test", "test", "{A66646EE-F186-4916-B712-CCA06991BD1A}"
EndProject
Project("{2150E333-8FDC-42A3-9474-1A3956D46DE8}") = "UnitTests", "UnitTests", "{99D70006-C0B7-452D-B14F-39B7653EE3E7}"
EndProject
Project("{2150E333-8FDC-42A3-9474-1A3956D46DE8}") = "IntegrationTests", "IntegrationTests", "{52486ECD-DF22-4733-B559-376D478B2CBC}"
EndProject
Project("{FAE04EC0-301F-11D3-BF4B-00C04F79EFBC}") = "AWSSDK.IntegrationTests.Net45", "test\IntegrationTests\AWSSDK.IntegrationTests.Net45.csproj", "{212FE907-7411-4661-B2D4-6522893DEF5E}"
EndProject
Project("{FAE04EC0-301F-11D3-BF4B-00C04F79EFBC}") = "AWSSDK.UnitTests.Net45", "test\UnitTests\AWSSDK.UnitTests.Net45.csproj", "{85DDD489-DC36-43AF-864A-395168A0EB54}"
EndProject
Project("{2150E333-8FDC-42A3-9474-1A3956D46DE8}") = "CrossPlatformTests", "CrossPlatformTests", "{28F8DFE5-0FDF-4C8A-9FA1-A42D8C8C55C5}"
EndProject
Project("{FAE04EC0-301F-11D3-BF4B-00C04F79EFBC}") = "CommonTests", "test\CrossPlatformTests\CommonTests\CommonTests.csproj", "{569D0C97-4009-47A9-BAB9-8A2B9FB6D913}"
	ProjectSection(ProjectDependencies) = postProject
		{D8590BBA-340E-4368-A96A-E5298FA40BCA} = {D8590BBA-340E-4368-A96A-E5298FA40BCA}
	EndProjectSection
EndProject
Project("{FAE04EC0-301F-11D3-BF4B-00C04F79EFBC}") = "AndroidApp", "test\CrossPlatformTests\AndroidApp\AndroidApp.csproj", "{B9F15DC4-6C62-498B-A64A-FAB7A79CFFA2}"
	ProjectSection(ProjectDependencies) = postProject
		{569D0C97-4009-47A9-BAB9-8A2B9FB6D913} = {569D0C97-4009-47A9-BAB9-8A2B9FB6D913}
		{D8590BBA-340E-4368-A96A-E5298FA40BCA} = {D8590BBA-340E-4368-A96A-E5298FA40BCA}
	EndProjectSection
EndProject
Project("{FAE04EC0-301F-11D3-BF4B-00C04F79EFBC}") = "iOSApp", "test\CrossPlatformTests\iOSApp\iOSApp.csproj", "{B3B2DB10-CC6B-4C03-8E5E-B603B83BB694}"
EndProject
Project("{FAE04EC0-301F-11D3-BF4B-00C04F79EFBC}") = "WindowsConsoleApp", "test\CrossPlatformTests\WindowsConsoleApp\WindowsConsoleApp.csproj", "{CEBC6CAA-5DF4-4A02-969F-8A218830C274}"
EndProject
Project("{FAE04EC0-301F-11D3-BF4B-00C04F79EFBC}") = "AWSSDK.SyncManager.iOS", "src\AWSSDK.SyncManager.iOS.csproj", "{C69BAD61-901B-44C6-8989-1B06CEF1C491}"
EndProject
Project("{2150E333-8FDC-42A3-9474-1A3956D46DE8}") = ".nuget", ".nuget", "{8E0A5B5D-4F97-4FF7-A116-A523E13CEFD5}"
	ProjectSection(SolutionItems) = preProject
		.nuget\NuGet.Config = .nuget\NuGet.Config
		.nuget\NuGet.exe = .nuget\NuGet.exe
		.nuget\NuGet.targets = .nuget\NuGet.targets
	EndProjectSection
EndProject
Project("{FAE04EC0-301F-11D3-BF4B-00C04F79EFBC}") = "WindowsApp", "test\CrossPlatformTests\WindowsApp\WindowsApp.csproj", "{C7D874AD-6010-4143-B976-59BFE8EBC176}"
EndProject
Project("{FAE04EC0-301F-11D3-BF4B-00C04F79EFBC}") = "WindowsPhoneApp", "test\CrossPlatformTests\WindowsPhoneApp\WindowsPhoneApp.csproj", "{B0E217AF-B014-4805-9F86-B299ADAAC6A2}"
EndProject
Project("{FAE04EC0-301F-11D3-BF4B-00C04F79EFBC}") = "XFormsPortableTests", "test\CrossPlatformTests\XFormsPortableTests\XFormsPortableTests\XFormsPortableTests.csproj", "{D376A30A-CDF4-4F5B-81DF-6819C3F852B7}"
EndProject
Project("{FAE04EC0-301F-11D3-BF4B-00C04F79EFBC}") = "XFormsPortableTests.iOS", "test\CrossPlatformTests\XFormsPortableTests\XFormsPortableTests.iOS\XFormsPortableTests.iOS.csproj", "{6DDC3464-30AE-4B3F-B3F5-F0723708ED7C}"
EndProject
Project("{FAE04EC0-301F-11D3-BF4B-00C04F79EFBC}") = "XFormsPortableTests.Droid", "test\CrossPlatformTests\XFormsPortableTests\XFormsPortableTests.Droid\XFormsPortableTests.Droid.csproj", "{71CF513F-5327-4EFB-9CAF-4F1BC9A0FD39}"
EndProject
Project("{FAE04EC0-301F-11D3-BF4B-00C04F79EFBC}") = "XFormsPortableTests.WinPhone", "test\CrossPlatformTests\XFormsPortableTests\XFormsPortableTests.WinPhone\XFormsPortableTests.WinPhone.csproj", "{F38C332A-A2F6-453E-BCE2-1E724047A7B4}"
EndProject
Global
	GlobalSection(SolutionConfigurationPlatforms) = preSolution
		Ad-Hoc|Any CPU = Ad-Hoc|Any CPU
		Ad-Hoc|ARM = Ad-Hoc|ARM
		Ad-Hoc|iPhone = Ad-Hoc|iPhone
		Ad-Hoc|iPhoneSimulator = Ad-Hoc|iPhoneSimulator
		Ad-Hoc|Mixed Platforms = Ad-Hoc|Mixed Platforms
		Ad-Hoc|x64 = Ad-Hoc|x64
		Ad-Hoc|x86 = Ad-Hoc|x86
		AppStore|Any CPU = AppStore|Any CPU
		AppStore|ARM = AppStore|ARM
		AppStore|iPhone = AppStore|iPhone
		AppStore|iPhoneSimulator = AppStore|iPhoneSimulator
		AppStore|Mixed Platforms = AppStore|Mixed Platforms
		AppStore|x64 = AppStore|x64
		AppStore|x86 = AppStore|x86
		Debug|Any CPU = Debug|Any CPU
		Debug|ARM = Debug|ARM
		Debug|iPhone = Debug|iPhone
		Debug|iPhoneSimulator = Debug|iPhoneSimulator
		Debug|Mixed Platforms = Debug|Mixed Platforms
		Debug|x64 = Debug|x64
		Debug|x86 = Debug|x86
		Release|Any CPU = Release|Any CPU
		Release|ARM = Release|ARM
		Release|iPhone = Release|iPhone
		Release|iPhoneSimulator = Release|iPhoneSimulator
		Release|Mixed Platforms = Release|Mixed Platforms
		Release|x64 = Release|x64
		Release|x86 = Release|x86
	EndGlobalSection
	GlobalSection(ProjectConfigurationPlatforms) = postSolution
		{75252F5A-D3F2-4A4E-ADDC-560E1E3C2066}.Ad-Hoc|Any CPU.ActiveCfg = Release|Any CPU
		{75252F5A-D3F2-4A4E-ADDC-560E1E3C2066}.Ad-Hoc|Any CPU.Build.0 = Release|Any CPU
		{75252F5A-D3F2-4A4E-ADDC-560E1E3C2066}.Ad-Hoc|ARM.ActiveCfg = Release|Any CPU
		{75252F5A-D3F2-4A4E-ADDC-560E1E3C2066}.Ad-Hoc|iPhone.ActiveCfg = Release|Any CPU
		{75252F5A-D3F2-4A4E-ADDC-560E1E3C2066}.Ad-Hoc|iPhoneSimulator.ActiveCfg = Release|Any CPU
		{75252F5A-D3F2-4A4E-ADDC-560E1E3C2066}.Ad-Hoc|Mixed Platforms.ActiveCfg = Release|Any CPU
		{75252F5A-D3F2-4A4E-ADDC-560E1E3C2066}.Ad-Hoc|Mixed Platforms.Build.0 = Release|Any CPU
		{75252F5A-D3F2-4A4E-ADDC-560E1E3C2066}.Ad-Hoc|x64.ActiveCfg = Release|Any CPU
		{75252F5A-D3F2-4A4E-ADDC-560E1E3C2066}.Ad-Hoc|x86.ActiveCfg = Release|Any CPU
		{75252F5A-D3F2-4A4E-ADDC-560E1E3C2066}.AppStore|Any CPU.ActiveCfg = Release|Any CPU
		{75252F5A-D3F2-4A4E-ADDC-560E1E3C2066}.AppStore|Any CPU.Build.0 = Release|Any CPU
		{75252F5A-D3F2-4A4E-ADDC-560E1E3C2066}.AppStore|ARM.ActiveCfg = Release|Any CPU
		{75252F5A-D3F2-4A4E-ADDC-560E1E3C2066}.AppStore|iPhone.ActiveCfg = Release|Any CPU
		{75252F5A-D3F2-4A4E-ADDC-560E1E3C2066}.AppStore|iPhoneSimulator.ActiveCfg = Release|Any CPU
		{75252F5A-D3F2-4A4E-ADDC-560E1E3C2066}.AppStore|Mixed Platforms.ActiveCfg = Release|Any CPU
		{75252F5A-D3F2-4A4E-ADDC-560E1E3C2066}.AppStore|Mixed Platforms.Build.0 = Release|Any CPU
		{75252F5A-D3F2-4A4E-ADDC-560E1E3C2066}.AppStore|x64.ActiveCfg = Release|Any CPU
		{75252F5A-D3F2-4A4E-ADDC-560E1E3C2066}.AppStore|x86.ActiveCfg = Release|Any CPU
		{75252F5A-D3F2-4A4E-ADDC-560E1E3C2066}.Debug|Any CPU.ActiveCfg = Debug|Any CPU
		{75252F5A-D3F2-4A4E-ADDC-560E1E3C2066}.Debug|Any CPU.Build.0 = Debug|Any CPU
		{75252F5A-D3F2-4A4E-ADDC-560E1E3C2066}.Debug|ARM.ActiveCfg = Debug|Any CPU
		{75252F5A-D3F2-4A4E-ADDC-560E1E3C2066}.Debug|iPhone.ActiveCfg = Debug|Any CPU
		{75252F5A-D3F2-4A4E-ADDC-560E1E3C2066}.Debug|iPhoneSimulator.ActiveCfg = Debug|Any CPU
		{75252F5A-D3F2-4A4E-ADDC-560E1E3C2066}.Debug|Mixed Platforms.ActiveCfg = Debug|Any CPU
		{75252F5A-D3F2-4A4E-ADDC-560E1E3C2066}.Debug|Mixed Platforms.Build.0 = Debug|Any CPU
		{75252F5A-D3F2-4A4E-ADDC-560E1E3C2066}.Debug|x64.ActiveCfg = Debug|Any CPU
		{75252F5A-D3F2-4A4E-ADDC-560E1E3C2066}.Debug|x86.ActiveCfg = Debug|Any CPU
		{75252F5A-D3F2-4A4E-ADDC-560E1E3C2066}.Release|Any CPU.ActiveCfg = Release|Any CPU
		{75252F5A-D3F2-4A4E-ADDC-560E1E3C2066}.Release|Any CPU.Build.0 = Release|Any CPU
		{75252F5A-D3F2-4A4E-ADDC-560E1E3C2066}.Release|ARM.ActiveCfg = Release|Any CPU
		{75252F5A-D3F2-4A4E-ADDC-560E1E3C2066}.Release|iPhone.ActiveCfg = Release|Any CPU
		{75252F5A-D3F2-4A4E-ADDC-560E1E3C2066}.Release|iPhoneSimulator.ActiveCfg = Release|Any CPU
		{75252F5A-D3F2-4A4E-ADDC-560E1E3C2066}.Release|Mixed Platforms.ActiveCfg = Release|Any CPU
		{75252F5A-D3F2-4A4E-ADDC-560E1E3C2066}.Release|Mixed Platforms.Build.0 = Release|Any CPU
		{75252F5A-D3F2-4A4E-ADDC-560E1E3C2066}.Release|x64.ActiveCfg = Release|Any CPU
		{75252F5A-D3F2-4A4E-ADDC-560E1E3C2066}.Release|x86.ActiveCfg = Release|Any CPU
		{D8590BBA-340E-4368-A96A-E5298FA40BCA}.Ad-Hoc|Any CPU.ActiveCfg = Release|Any CPU
		{D8590BBA-340E-4368-A96A-E5298FA40BCA}.Ad-Hoc|Any CPU.Build.0 = Release|Any CPU
		{D8590BBA-340E-4368-A96A-E5298FA40BCA}.Ad-Hoc|ARM.ActiveCfg = Release|Any CPU
		{D8590BBA-340E-4368-A96A-E5298FA40BCA}.Ad-Hoc|iPhone.ActiveCfg = Release|Any CPU
		{D8590BBA-340E-4368-A96A-E5298FA40BCA}.Ad-Hoc|iPhoneSimulator.ActiveCfg = Release|Any CPU
		{D8590BBA-340E-4368-A96A-E5298FA40BCA}.Ad-Hoc|Mixed Platforms.ActiveCfg = Release|Any CPU
		{D8590BBA-340E-4368-A96A-E5298FA40BCA}.Ad-Hoc|Mixed Platforms.Build.0 = Release|Any CPU
		{D8590BBA-340E-4368-A96A-E5298FA40BCA}.Ad-Hoc|x64.ActiveCfg = Release|Any CPU
		{D8590BBA-340E-4368-A96A-E5298FA40BCA}.Ad-Hoc|x86.ActiveCfg = Release|Any CPU
		{D8590BBA-340E-4368-A96A-E5298FA40BCA}.AppStore|Any CPU.ActiveCfg = Release|Any CPU
		{D8590BBA-340E-4368-A96A-E5298FA40BCA}.AppStore|Any CPU.Build.0 = Release|Any CPU
		{D8590BBA-340E-4368-A96A-E5298FA40BCA}.AppStore|ARM.ActiveCfg = Release|Any CPU
		{D8590BBA-340E-4368-A96A-E5298FA40BCA}.AppStore|iPhone.ActiveCfg = Release|Any CPU
		{D8590BBA-340E-4368-A96A-E5298FA40BCA}.AppStore|iPhoneSimulator.ActiveCfg = Release|Any CPU
		{D8590BBA-340E-4368-A96A-E5298FA40BCA}.AppStore|Mixed Platforms.ActiveCfg = Release|Any CPU
		{D8590BBA-340E-4368-A96A-E5298FA40BCA}.AppStore|Mixed Platforms.Build.0 = Release|Any CPU
		{D8590BBA-340E-4368-A96A-E5298FA40BCA}.AppStore|x64.ActiveCfg = Release|Any CPU
		{D8590BBA-340E-4368-A96A-E5298FA40BCA}.AppStore|x86.ActiveCfg = Release|Any CPU
		{D8590BBA-340E-4368-A96A-E5298FA40BCA}.Debug|Any CPU.ActiveCfg = Debug|Any CPU
		{D8590BBA-340E-4368-A96A-E5298FA40BCA}.Debug|Any CPU.Build.0 = Debug|Any CPU
		{D8590BBA-340E-4368-A96A-E5298FA40BCA}.Debug|ARM.ActiveCfg = Debug|Any CPU
		{D8590BBA-340E-4368-A96A-E5298FA40BCA}.Debug|iPhone.ActiveCfg = Debug|Any CPU
		{D8590BBA-340E-4368-A96A-E5298FA40BCA}.Debug|iPhoneSimulator.ActiveCfg = Debug|Any CPU
		{D8590BBA-340E-4368-A96A-E5298FA40BCA}.Debug|Mixed Platforms.ActiveCfg = Debug|Any CPU
		{D8590BBA-340E-4368-A96A-E5298FA40BCA}.Debug|Mixed Platforms.Build.0 = Debug|Any CPU
		{D8590BBA-340E-4368-A96A-E5298FA40BCA}.Debug|x64.ActiveCfg = Debug|Any CPU
		{D8590BBA-340E-4368-A96A-E5298FA40BCA}.Debug|x86.ActiveCfg = Debug|Any CPU
		{D8590BBA-340E-4368-A96A-E5298FA40BCA}.Release|Any CPU.ActiveCfg = Release|Any CPU
		{D8590BBA-340E-4368-A96A-E5298FA40BCA}.Release|Any CPU.Build.0 = Release|Any CPU
		{D8590BBA-340E-4368-A96A-E5298FA40BCA}.Release|ARM.ActiveCfg = Release|Any CPU
		{D8590BBA-340E-4368-A96A-E5298FA40BCA}.Release|iPhone.ActiveCfg = Release|Any CPU
		{D8590BBA-340E-4368-A96A-E5298FA40BCA}.Release|iPhoneSimulator.ActiveCfg = Release|Any CPU
		{D8590BBA-340E-4368-A96A-E5298FA40BCA}.Release|Mixed Platforms.ActiveCfg = Release|Any CPU
		{D8590BBA-340E-4368-A96A-E5298FA40BCA}.Release|Mixed Platforms.Build.0 = Release|Any CPU
		{D8590BBA-340E-4368-A96A-E5298FA40BCA}.Release|x64.ActiveCfg = Release|Any CPU
		{D8590BBA-340E-4368-A96A-E5298FA40BCA}.Release|x86.ActiveCfg = Release|Any CPU
		{212FE907-7411-4661-B2D4-6522893DEF5E}.Ad-Hoc|Any CPU.ActiveCfg = Release|Any CPU
		{212FE907-7411-4661-B2D4-6522893DEF5E}.Ad-Hoc|Any CPU.Build.0 = Release|Any CPU
		{212FE907-7411-4661-B2D4-6522893DEF5E}.Ad-Hoc|ARM.ActiveCfg = Release|Any CPU
		{212FE907-7411-4661-B2D4-6522893DEF5E}.Ad-Hoc|iPhone.ActiveCfg = Release|Any CPU
		{212FE907-7411-4661-B2D4-6522893DEF5E}.Ad-Hoc|iPhoneSimulator.ActiveCfg = Release|Any CPU
		{212FE907-7411-4661-B2D4-6522893DEF5E}.Ad-Hoc|Mixed Platforms.ActiveCfg = Release|Any CPU
		{212FE907-7411-4661-B2D4-6522893DEF5E}.Ad-Hoc|Mixed Platforms.Build.0 = Release|Any CPU
		{212FE907-7411-4661-B2D4-6522893DEF5E}.Ad-Hoc|x64.ActiveCfg = Release|Any CPU
		{212FE907-7411-4661-B2D4-6522893DEF5E}.Ad-Hoc|x86.ActiveCfg = Release|Any CPU
		{212FE907-7411-4661-B2D4-6522893DEF5E}.AppStore|Any CPU.ActiveCfg = Release|Any CPU
		{212FE907-7411-4661-B2D4-6522893DEF5E}.AppStore|Any CPU.Build.0 = Release|Any CPU
		{212FE907-7411-4661-B2D4-6522893DEF5E}.AppStore|ARM.ActiveCfg = Release|Any CPU
		{212FE907-7411-4661-B2D4-6522893DEF5E}.AppStore|iPhone.ActiveCfg = Release|Any CPU
		{212FE907-7411-4661-B2D4-6522893DEF5E}.AppStore|iPhoneSimulator.ActiveCfg = Release|Any CPU
		{212FE907-7411-4661-B2D4-6522893DEF5E}.AppStore|Mixed Platforms.ActiveCfg = Release|Any CPU
		{212FE907-7411-4661-B2D4-6522893DEF5E}.AppStore|Mixed Platforms.Build.0 = Release|Any CPU
		{212FE907-7411-4661-B2D4-6522893DEF5E}.AppStore|x64.ActiveCfg = Release|Any CPU
		{212FE907-7411-4661-B2D4-6522893DEF5E}.AppStore|x86.ActiveCfg = Release|Any CPU
		{212FE907-7411-4661-B2D4-6522893DEF5E}.Debug|Any CPU.ActiveCfg = Debug|Any CPU
		{212FE907-7411-4661-B2D4-6522893DEF5E}.Debug|Any CPU.Build.0 = Debug|Any CPU
		{212FE907-7411-4661-B2D4-6522893DEF5E}.Debug|ARM.ActiveCfg = Debug|Any CPU
		{212FE907-7411-4661-B2D4-6522893DEF5E}.Debug|iPhone.ActiveCfg = Debug|Any CPU
		{212FE907-7411-4661-B2D4-6522893DEF5E}.Debug|iPhoneSimulator.ActiveCfg = Debug|Any CPU
		{212FE907-7411-4661-B2D4-6522893DEF5E}.Debug|Mixed Platforms.ActiveCfg = Debug|Any CPU
		{212FE907-7411-4661-B2D4-6522893DEF5E}.Debug|Mixed Platforms.Build.0 = Debug|Any CPU
		{212FE907-7411-4661-B2D4-6522893DEF5E}.Debug|x64.ActiveCfg = Debug|Any CPU
		{212FE907-7411-4661-B2D4-6522893DEF5E}.Debug|x86.ActiveCfg = Debug|Any CPU
		{212FE907-7411-4661-B2D4-6522893DEF5E}.Release|Any CPU.ActiveCfg = Release|Any CPU
		{212FE907-7411-4661-B2D4-6522893DEF5E}.Release|Any CPU.Build.0 = Release|Any CPU
		{212FE907-7411-4661-B2D4-6522893DEF5E}.Release|ARM.ActiveCfg = Release|Any CPU
		{212FE907-7411-4661-B2D4-6522893DEF5E}.Release|iPhone.ActiveCfg = Release|Any CPU
		{212FE907-7411-4661-B2D4-6522893DEF5E}.Release|iPhoneSimulator.ActiveCfg = Release|Any CPU
		{212FE907-7411-4661-B2D4-6522893DEF5E}.Release|Mixed Platforms.ActiveCfg = Release|Any CPU
		{212FE907-7411-4661-B2D4-6522893DEF5E}.Release|Mixed Platforms.Build.0 = Release|Any CPU
		{212FE907-7411-4661-B2D4-6522893DEF5E}.Release|x64.ActiveCfg = Release|Any CPU
		{212FE907-7411-4661-B2D4-6522893DEF5E}.Release|x86.ActiveCfg = Release|Any CPU
		{85DDD489-DC36-43AF-864A-395168A0EB54}.Ad-Hoc|Any CPU.ActiveCfg = Release|Any CPU
		{85DDD489-DC36-43AF-864A-395168A0EB54}.Ad-Hoc|Any CPU.Build.0 = Release|Any CPU
		{85DDD489-DC36-43AF-864A-395168A0EB54}.Ad-Hoc|ARM.ActiveCfg = Release|Any CPU
		{85DDD489-DC36-43AF-864A-395168A0EB54}.Ad-Hoc|iPhone.ActiveCfg = Release|Any CPU
		{85DDD489-DC36-43AF-864A-395168A0EB54}.Ad-Hoc|iPhoneSimulator.ActiveCfg = Release|Any CPU
		{85DDD489-DC36-43AF-864A-395168A0EB54}.Ad-Hoc|Mixed Platforms.ActiveCfg = Release|Any CPU
		{85DDD489-DC36-43AF-864A-395168A0EB54}.Ad-Hoc|Mixed Platforms.Build.0 = Release|Any CPU
		{85DDD489-DC36-43AF-864A-395168A0EB54}.Ad-Hoc|x64.ActiveCfg = Release|Any CPU
		{85DDD489-DC36-43AF-864A-395168A0EB54}.Ad-Hoc|x86.ActiveCfg = Release|Any CPU
		{85DDD489-DC36-43AF-864A-395168A0EB54}.AppStore|Any CPU.ActiveCfg = Release|Any CPU
		{85DDD489-DC36-43AF-864A-395168A0EB54}.AppStore|Any CPU.Build.0 = Release|Any CPU
		{85DDD489-DC36-43AF-864A-395168A0EB54}.AppStore|ARM.ActiveCfg = Release|Any CPU
		{85DDD489-DC36-43AF-864A-395168A0EB54}.AppStore|iPhone.ActiveCfg = Release|Any CPU
		{85DDD489-DC36-43AF-864A-395168A0EB54}.AppStore|iPhoneSimulator.ActiveCfg = Release|Any CPU
		{85DDD489-DC36-43AF-864A-395168A0EB54}.AppStore|Mixed Platforms.ActiveCfg = Release|Any CPU
		{85DDD489-DC36-43AF-864A-395168A0EB54}.AppStore|Mixed Platforms.Build.0 = Release|Any CPU
		{85DDD489-DC36-43AF-864A-395168A0EB54}.AppStore|x64.ActiveCfg = Release|Any CPU
		{85DDD489-DC36-43AF-864A-395168A0EB54}.AppStore|x86.ActiveCfg = Release|Any CPU
		{85DDD489-DC36-43AF-864A-395168A0EB54}.Debug|Any CPU.ActiveCfg = Debug|Any CPU
		{85DDD489-DC36-43AF-864A-395168A0EB54}.Debug|Any CPU.Build.0 = Debug|Any CPU
		{85DDD489-DC36-43AF-864A-395168A0EB54}.Debug|ARM.ActiveCfg = Debug|Any CPU
		{85DDD489-DC36-43AF-864A-395168A0EB54}.Debug|iPhone.ActiveCfg = Debug|Any CPU
		{85DDD489-DC36-43AF-864A-395168A0EB54}.Debug|iPhoneSimulator.ActiveCfg = Debug|Any CPU
		{85DDD489-DC36-43AF-864A-395168A0EB54}.Debug|Mixed Platforms.ActiveCfg = Debug|Any CPU
		{85DDD489-DC36-43AF-864A-395168A0EB54}.Debug|Mixed Platforms.Build.0 = Debug|Any CPU
		{85DDD489-DC36-43AF-864A-395168A0EB54}.Debug|x64.ActiveCfg = Debug|Any CPU
		{85DDD489-DC36-43AF-864A-395168A0EB54}.Debug|x86.ActiveCfg = Debug|Any CPU
		{85DDD489-DC36-43AF-864A-395168A0EB54}.Release|Any CPU.ActiveCfg = Release|Any CPU
		{85DDD489-DC36-43AF-864A-395168A0EB54}.Release|Any CPU.Build.0 = Release|Any CPU
		{85DDD489-DC36-43AF-864A-395168A0EB54}.Release|ARM.ActiveCfg = Release|Any CPU
		{85DDD489-DC36-43AF-864A-395168A0EB54}.Release|iPhone.ActiveCfg = Release|Any CPU
		{85DDD489-DC36-43AF-864A-395168A0EB54}.Release|iPhoneSimulator.ActiveCfg = Release|Any CPU
		{85DDD489-DC36-43AF-864A-395168A0EB54}.Release|Mixed Platforms.ActiveCfg = Release|Any CPU
		{85DDD489-DC36-43AF-864A-395168A0EB54}.Release|Mixed Platforms.Build.0 = Release|Any CPU
		{85DDD489-DC36-43AF-864A-395168A0EB54}.Release|x64.ActiveCfg = Release|Any CPU
		{85DDD489-DC36-43AF-864A-395168A0EB54}.Release|x86.ActiveCfg = Release|Any CPU
		{569D0C97-4009-47A9-BAB9-8A2B9FB6D913}.Ad-Hoc|Any CPU.ActiveCfg = Release|Any CPU
		{569D0C97-4009-47A9-BAB9-8A2B9FB6D913}.Ad-Hoc|ARM.ActiveCfg = Release|Any CPU
		{569D0C97-4009-47A9-BAB9-8A2B9FB6D913}.Ad-Hoc|iPhone.ActiveCfg = Release|Any CPU
		{569D0C97-4009-47A9-BAB9-8A2B9FB6D913}.Ad-Hoc|iPhoneSimulator.ActiveCfg = Release|Any CPU
		{569D0C97-4009-47A9-BAB9-8A2B9FB6D913}.Ad-Hoc|Mixed Platforms.ActiveCfg = Release|Any CPU
		{569D0C97-4009-47A9-BAB9-8A2B9FB6D913}.Ad-Hoc|Mixed Platforms.Build.0 = Release|Any CPU
		{569D0C97-4009-47A9-BAB9-8A2B9FB6D913}.Ad-Hoc|x64.ActiveCfg = Release|Any CPU
		{569D0C97-4009-47A9-BAB9-8A2B9FB6D913}.Ad-Hoc|x86.ActiveCfg = Release|Any CPU
		{569D0C97-4009-47A9-BAB9-8A2B9FB6D913}.AppStore|Any CPU.ActiveCfg = Release|Any CPU
		{569D0C97-4009-47A9-BAB9-8A2B9FB6D913}.AppStore|ARM.ActiveCfg = Release|Any CPU
		{569D0C97-4009-47A9-BAB9-8A2B9FB6D913}.AppStore|iPhone.ActiveCfg = Release|Any CPU
		{569D0C97-4009-47A9-BAB9-8A2B9FB6D913}.AppStore|iPhoneSimulator.ActiveCfg = Release|Any CPU
		{569D0C97-4009-47A9-BAB9-8A2B9FB6D913}.AppStore|Mixed Platforms.ActiveCfg = Release|Any CPU
		{569D0C97-4009-47A9-BAB9-8A2B9FB6D913}.AppStore|Mixed Platforms.Build.0 = Release|Any CPU
		{569D0C97-4009-47A9-BAB9-8A2B9FB6D913}.AppStore|x64.ActiveCfg = Release|Any CPU
		{569D0C97-4009-47A9-BAB9-8A2B9FB6D913}.AppStore|x86.ActiveCfg = Release|Any CPU
		{569D0C97-4009-47A9-BAB9-8A2B9FB6D913}.Debug|Any CPU.ActiveCfg = Debug|Any CPU
		{569D0C97-4009-47A9-BAB9-8A2B9FB6D913}.Debug|Any CPU.Build.0 = Debug|Any CPU
		{569D0C97-4009-47A9-BAB9-8A2B9FB6D913}.Debug|ARM.ActiveCfg = Debug|Any CPU
		{569D0C97-4009-47A9-BAB9-8A2B9FB6D913}.Debug|iPhone.ActiveCfg = Debug|Any CPU
		{569D0C97-4009-47A9-BAB9-8A2B9FB6D913}.Debug|iPhoneSimulator.ActiveCfg = Debug|Any CPU
		{569D0C97-4009-47A9-BAB9-8A2B9FB6D913}.Debug|Mixed Platforms.ActiveCfg = Debug|Any CPU
		{569D0C97-4009-47A9-BAB9-8A2B9FB6D913}.Debug|Mixed Platforms.Build.0 = Debug|Any CPU
		{569D0C97-4009-47A9-BAB9-8A2B9FB6D913}.Debug|x64.ActiveCfg = Debug|Any CPU
		{569D0C97-4009-47A9-BAB9-8A2B9FB6D913}.Debug|x86.ActiveCfg = Debug|Any CPU
		{569D0C97-4009-47A9-BAB9-8A2B9FB6D913}.Release|Any CPU.ActiveCfg = Release|Any CPU
		{569D0C97-4009-47A9-BAB9-8A2B9FB6D913}.Release|Any CPU.Build.0 = Release|Any CPU
		{569D0C97-4009-47A9-BAB9-8A2B9FB6D913}.Release|ARM.ActiveCfg = Release|Any CPU
		{569D0C97-4009-47A9-BAB9-8A2B9FB6D913}.Release|iPhone.ActiveCfg = Release|Any CPU
		{569D0C97-4009-47A9-BAB9-8A2B9FB6D913}.Release|iPhone.Build.0 = Release|Any CPU
		{569D0C97-4009-47A9-BAB9-8A2B9FB6D913}.Release|iPhoneSimulator.ActiveCfg = Release|Any CPU
		{569D0C97-4009-47A9-BAB9-8A2B9FB6D913}.Release|Mixed Platforms.ActiveCfg = Release|Any CPU
		{569D0C97-4009-47A9-BAB9-8A2B9FB6D913}.Release|Mixed Platforms.Build.0 = Release|Any CPU
		{569D0C97-4009-47A9-BAB9-8A2B9FB6D913}.Release|x64.ActiveCfg = Release|Any CPU
		{569D0C97-4009-47A9-BAB9-8A2B9FB6D913}.Release|x86.ActiveCfg = Release|Any CPU
		{B9F15DC4-6C62-498B-A64A-FAB7A79CFFA2}.Ad-Hoc|Any CPU.ActiveCfg = Release|Any CPU
		{B9F15DC4-6C62-498B-A64A-FAB7A79CFFA2}.Ad-Hoc|Any CPU.Build.0 = Release|Any CPU
		{B9F15DC4-6C62-498B-A64A-FAB7A79CFFA2}.Ad-Hoc|Any CPU.Deploy.0 = Release|Any CPU
		{B9F15DC4-6C62-498B-A64A-FAB7A79CFFA2}.Ad-Hoc|ARM.ActiveCfg = Release|Any CPU
		{B9F15DC4-6C62-498B-A64A-FAB7A79CFFA2}.Ad-Hoc|iPhone.ActiveCfg = Release|Any CPU
		{B9F15DC4-6C62-498B-A64A-FAB7A79CFFA2}.Ad-Hoc|iPhoneSimulator.ActiveCfg = Release|Any CPU
		{B9F15DC4-6C62-498B-A64A-FAB7A79CFFA2}.Ad-Hoc|Mixed Platforms.ActiveCfg = Release|Any CPU
		{B9F15DC4-6C62-498B-A64A-FAB7A79CFFA2}.Ad-Hoc|Mixed Platforms.Build.0 = Release|Any CPU
		{B9F15DC4-6C62-498B-A64A-FAB7A79CFFA2}.Ad-Hoc|Mixed Platforms.Deploy.0 = Release|Any CPU
		{B9F15DC4-6C62-498B-A64A-FAB7A79CFFA2}.Ad-Hoc|x64.ActiveCfg = Release|Any CPU
		{B9F15DC4-6C62-498B-A64A-FAB7A79CFFA2}.Ad-Hoc|x86.ActiveCfg = Release|Any CPU
		{B9F15DC4-6C62-498B-A64A-FAB7A79CFFA2}.AppStore|Any CPU.ActiveCfg = Release|Any CPU
		{B9F15DC4-6C62-498B-A64A-FAB7A79CFFA2}.AppStore|Any CPU.Build.0 = Release|Any CPU
		{B9F15DC4-6C62-498B-A64A-FAB7A79CFFA2}.AppStore|Any CPU.Deploy.0 = Release|Any CPU
		{B9F15DC4-6C62-498B-A64A-FAB7A79CFFA2}.AppStore|ARM.ActiveCfg = Release|Any CPU
		{B9F15DC4-6C62-498B-A64A-FAB7A79CFFA2}.AppStore|iPhone.ActiveCfg = Release|Any CPU
		{B9F15DC4-6C62-498B-A64A-FAB7A79CFFA2}.AppStore|iPhoneSimulator.ActiveCfg = Release|Any CPU
		{B9F15DC4-6C62-498B-A64A-FAB7A79CFFA2}.AppStore|Mixed Platforms.ActiveCfg = Release|Any CPU
		{B9F15DC4-6C62-498B-A64A-FAB7A79CFFA2}.AppStore|Mixed Platforms.Build.0 = Release|Any CPU
		{B9F15DC4-6C62-498B-A64A-FAB7A79CFFA2}.AppStore|Mixed Platforms.Deploy.0 = Release|Any CPU
		{B9F15DC4-6C62-498B-A64A-FAB7A79CFFA2}.AppStore|x64.ActiveCfg = Release|Any CPU
		{B9F15DC4-6C62-498B-A64A-FAB7A79CFFA2}.AppStore|x86.ActiveCfg = Release|Any CPU
		{B9F15DC4-6C62-498B-A64A-FAB7A79CFFA2}.Debug|Any CPU.ActiveCfg = Debug|Any CPU
		{B9F15DC4-6C62-498B-A64A-FAB7A79CFFA2}.Debug|Any CPU.Build.0 = Debug|Any CPU
		{B9F15DC4-6C62-498B-A64A-FAB7A79CFFA2}.Debug|Any CPU.Deploy.0 = Debug|Any CPU
		{B9F15DC4-6C62-498B-A64A-FAB7A79CFFA2}.Debug|ARM.ActiveCfg = Debug|Any CPU
		{B9F15DC4-6C62-498B-A64A-FAB7A79CFFA2}.Debug|iPhone.ActiveCfg = Debug|Any CPU
		{B9F15DC4-6C62-498B-A64A-FAB7A79CFFA2}.Debug|iPhoneSimulator.ActiveCfg = Debug|Any CPU
		{B9F15DC4-6C62-498B-A64A-FAB7A79CFFA2}.Debug|Mixed Platforms.ActiveCfg = Debug|Any CPU
		{B9F15DC4-6C62-498B-A64A-FAB7A79CFFA2}.Debug|x64.ActiveCfg = Debug|Any CPU
		{B9F15DC4-6C62-498B-A64A-FAB7A79CFFA2}.Debug|x86.ActiveCfg = Debug|Any CPU
		{B9F15DC4-6C62-498B-A64A-FAB7A79CFFA2}.Release|Any CPU.ActiveCfg = Release|Any CPU
		{B9F15DC4-6C62-498B-A64A-FAB7A79CFFA2}.Release|Any CPU.Build.0 = Release|Any CPU
		{B9F15DC4-6C62-498B-A64A-FAB7A79CFFA2}.Release|Any CPU.Deploy.0 = Release|Any CPU
		{B9F15DC4-6C62-498B-A64A-FAB7A79CFFA2}.Release|ARM.ActiveCfg = Release|Any CPU
		{B9F15DC4-6C62-498B-A64A-FAB7A79CFFA2}.Release|iPhone.ActiveCfg = Release|Any CPU
		{B9F15DC4-6C62-498B-A64A-FAB7A79CFFA2}.Release|iPhoneSimulator.ActiveCfg = Release|Any CPU
		{B9F15DC4-6C62-498B-A64A-FAB7A79CFFA2}.Release|Mixed Platforms.ActiveCfg = Release|Any CPU
		{B9F15DC4-6C62-498B-A64A-FAB7A79CFFA2}.Release|x64.ActiveCfg = Release|Any CPU
		{B9F15DC4-6C62-498B-A64A-FAB7A79CFFA2}.Release|x86.ActiveCfg = Release|Any CPU
		{B3B2DB10-CC6B-4C03-8E5E-B603B83BB694}.Ad-Hoc|Any CPU.ActiveCfg = Ad-Hoc|iPhone
		{B3B2DB10-CC6B-4C03-8E5E-B603B83BB694}.Ad-Hoc|ARM.ActiveCfg = Ad-Hoc|iPhone
		{B3B2DB10-CC6B-4C03-8E5E-B603B83BB694}.Ad-Hoc|iPhone.ActiveCfg = Ad-Hoc|iPhone
		{B3B2DB10-CC6B-4C03-8E5E-B603B83BB694}.Ad-Hoc|iPhone.Build.0 = Ad-Hoc|iPhone
		{B3B2DB10-CC6B-4C03-8E5E-B603B83BB694}.Ad-Hoc|iPhoneSimulator.ActiveCfg = Ad-Hoc|iPhoneSimulator
		{B3B2DB10-CC6B-4C03-8E5E-B603B83BB694}.Ad-Hoc|iPhoneSimulator.Build.0 = Ad-Hoc|iPhoneSimulator
		{B3B2DB10-CC6B-4C03-8E5E-B603B83BB694}.Ad-Hoc|Mixed Platforms.ActiveCfg = Ad-Hoc|iPhone
		{B3B2DB10-CC6B-4C03-8E5E-B603B83BB694}.Ad-Hoc|Mixed Platforms.Build.0 = Ad-Hoc|iPhone
		{B3B2DB10-CC6B-4C03-8E5E-B603B83BB694}.Ad-Hoc|x64.ActiveCfg = Ad-Hoc|iPhone
		{B3B2DB10-CC6B-4C03-8E5E-B603B83BB694}.Ad-Hoc|x86.ActiveCfg = Ad-Hoc|iPhone
		{B3B2DB10-CC6B-4C03-8E5E-B603B83BB694}.AppStore|Any CPU.ActiveCfg = AppStore|iPhone
		{B3B2DB10-CC6B-4C03-8E5E-B603B83BB694}.AppStore|ARM.ActiveCfg = AppStore|iPhone
		{B3B2DB10-CC6B-4C03-8E5E-B603B83BB694}.AppStore|iPhone.ActiveCfg = AppStore|iPhone
		{B3B2DB10-CC6B-4C03-8E5E-B603B83BB694}.AppStore|iPhone.Build.0 = AppStore|iPhone
		{B3B2DB10-CC6B-4C03-8E5E-B603B83BB694}.AppStore|iPhoneSimulator.ActiveCfg = AppStore|iPhoneSimulator
		{B3B2DB10-CC6B-4C03-8E5E-B603B83BB694}.AppStore|iPhoneSimulator.Build.0 = AppStore|iPhoneSimulator
		{B3B2DB10-CC6B-4C03-8E5E-B603B83BB694}.AppStore|Mixed Platforms.ActiveCfg = AppStore|iPhone
		{B3B2DB10-CC6B-4C03-8E5E-B603B83BB694}.AppStore|Mixed Platforms.Build.0 = AppStore|iPhone
		{B3B2DB10-CC6B-4C03-8E5E-B603B83BB694}.AppStore|x64.ActiveCfg = AppStore|iPhone
		{B3B2DB10-CC6B-4C03-8E5E-B603B83BB694}.AppStore|x86.ActiveCfg = AppStore|iPhone
		{B3B2DB10-CC6B-4C03-8E5E-B603B83BB694}.Debug|Any CPU.ActiveCfg = Debug|iPhoneSimulator
		{B3B2DB10-CC6B-4C03-8E5E-B603B83BB694}.Debug|Any CPU.Build.0 = Debug|iPhoneSimulator
		{B3B2DB10-CC6B-4C03-8E5E-B603B83BB694}.Debug|ARM.ActiveCfg = Debug|iPhoneSimulator
		{B3B2DB10-CC6B-4C03-8E5E-B603B83BB694}.Debug|iPhone.ActiveCfg = Debug|iPhoneSimulator
		{B3B2DB10-CC6B-4C03-8E5E-B603B83BB694}.Debug|iPhone.Build.0 = Debug|iPhone
		{B3B2DB10-CC6B-4C03-8E5E-B603B83BB694}.Debug|iPhoneSimulator.ActiveCfg = Debug|iPhoneSimulator
		{B3B2DB10-CC6B-4C03-8E5E-B603B83BB694}.Debug|iPhoneSimulator.Build.0 = Debug|iPhoneSimulator
		{B3B2DB10-CC6B-4C03-8E5E-B603B83BB694}.Debug|Mixed Platforms.ActiveCfg = Debug|iPhone
		{B3B2DB10-CC6B-4C03-8E5E-B603B83BB694}.Debug|x64.ActiveCfg = Debug|iPhoneSimulator
		{B3B2DB10-CC6B-4C03-8E5E-B603B83BB694}.Debug|x86.ActiveCfg = Debug|iPhoneSimulator
		{B3B2DB10-CC6B-4C03-8E5E-B603B83BB694}.Release|Any CPU.ActiveCfg = Release|iPhoneSimulator
		{B3B2DB10-CC6B-4C03-8E5E-B603B83BB694}.Release|Any CPU.Build.0 = Release|iPhoneSimulator
		{B3B2DB10-CC6B-4C03-8E5E-B603B83BB694}.Release|ARM.ActiveCfg = Release|iPhoneSimulator
		{B3B2DB10-CC6B-4C03-8E5E-B603B83BB694}.Release|iPhone.ActiveCfg = Release|iPhone
		{B3B2DB10-CC6B-4C03-8E5E-B603B83BB694}.Release|iPhone.Build.0 = Release|iPhone
		{B3B2DB10-CC6B-4C03-8E5E-B603B83BB694}.Release|iPhoneSimulator.ActiveCfg = Release|iPhoneSimulator
		{B3B2DB10-CC6B-4C03-8E5E-B603B83BB694}.Release|iPhoneSimulator.Build.0 = Release|iPhoneSimulator
		{B3B2DB10-CC6B-4C03-8E5E-B603B83BB694}.Release|Mixed Platforms.ActiveCfg = Release|iPhone
		{B3B2DB10-CC6B-4C03-8E5E-B603B83BB694}.Release|x64.ActiveCfg = Release|iPhoneSimulator
		{B3B2DB10-CC6B-4C03-8E5E-B603B83BB694}.Release|x86.ActiveCfg = Release|iPhoneSimulator
		{CEBC6CAA-5DF4-4A02-969F-8A218830C274}.Ad-Hoc|Any CPU.ActiveCfg = Release|Any CPU
		{CEBC6CAA-5DF4-4A02-969F-8A218830C274}.Ad-Hoc|Any CPU.Build.0 = Release|Any CPU
		{CEBC6CAA-5DF4-4A02-969F-8A218830C274}.Ad-Hoc|ARM.ActiveCfg = Release|Any CPU
		{CEBC6CAA-5DF4-4A02-969F-8A218830C274}.Ad-Hoc|iPhone.ActiveCfg = Release|Any CPU
		{CEBC6CAA-5DF4-4A02-969F-8A218830C274}.Ad-Hoc|iPhoneSimulator.ActiveCfg = Release|Any CPU
		{CEBC6CAA-5DF4-4A02-969F-8A218830C274}.Ad-Hoc|Mixed Platforms.ActiveCfg = Release|Any CPU
		{CEBC6CAA-5DF4-4A02-969F-8A218830C274}.Ad-Hoc|Mixed Platforms.Build.0 = Release|Any CPU
		{CEBC6CAA-5DF4-4A02-969F-8A218830C274}.Ad-Hoc|x64.ActiveCfg = Release|Any CPU
		{CEBC6CAA-5DF4-4A02-969F-8A218830C274}.Ad-Hoc|x86.ActiveCfg = Release|Any CPU
		{CEBC6CAA-5DF4-4A02-969F-8A218830C274}.AppStore|Any CPU.ActiveCfg = Release|Any CPU
		{CEBC6CAA-5DF4-4A02-969F-8A218830C274}.AppStore|Any CPU.Build.0 = Release|Any CPU
		{CEBC6CAA-5DF4-4A02-969F-8A218830C274}.AppStore|ARM.ActiveCfg = Release|Any CPU
		{CEBC6CAA-5DF4-4A02-969F-8A218830C274}.AppStore|iPhone.ActiveCfg = Release|Any CPU
		{CEBC6CAA-5DF4-4A02-969F-8A218830C274}.AppStore|iPhoneSimulator.ActiveCfg = Release|Any CPU
		{CEBC6CAA-5DF4-4A02-969F-8A218830C274}.AppStore|Mixed Platforms.ActiveCfg = Release|Any CPU
		{CEBC6CAA-5DF4-4A02-969F-8A218830C274}.AppStore|Mixed Platforms.Build.0 = Release|Any CPU
		{CEBC6CAA-5DF4-4A02-969F-8A218830C274}.AppStore|x64.ActiveCfg = Release|Any CPU
		{CEBC6CAA-5DF4-4A02-969F-8A218830C274}.AppStore|x86.ActiveCfg = Release|Any CPU
		{CEBC6CAA-5DF4-4A02-969F-8A218830C274}.Debug|Any CPU.ActiveCfg = Debug|Any CPU
		{CEBC6CAA-5DF4-4A02-969F-8A218830C274}.Debug|Any CPU.Build.0 = Debug|Any CPU
		{CEBC6CAA-5DF4-4A02-969F-8A218830C274}.Debug|ARM.ActiveCfg = Debug|Any CPU
		{CEBC6CAA-5DF4-4A02-969F-8A218830C274}.Debug|iPhone.ActiveCfg = Debug|Any CPU
		{CEBC6CAA-5DF4-4A02-969F-8A218830C274}.Debug|iPhoneSimulator.ActiveCfg = Debug|Any CPU
		{CEBC6CAA-5DF4-4A02-969F-8A218830C274}.Debug|Mixed Platforms.ActiveCfg = Debug|Any CPU
		{CEBC6CAA-5DF4-4A02-969F-8A218830C274}.Debug|x64.ActiveCfg = Debug|Any CPU
		{CEBC6CAA-5DF4-4A02-969F-8A218830C274}.Debug|x86.ActiveCfg = Debug|Any CPU
		{CEBC6CAA-5DF4-4A02-969F-8A218830C274}.Release|Any CPU.ActiveCfg = Release|Any CPU
		{CEBC6CAA-5DF4-4A02-969F-8A218830C274}.Release|Any CPU.Build.0 = Release|Any CPU
		{CEBC6CAA-5DF4-4A02-969F-8A218830C274}.Release|ARM.ActiveCfg = Release|Any CPU
		{CEBC6CAA-5DF4-4A02-969F-8A218830C274}.Release|iPhone.ActiveCfg = Release|Any CPU
		{CEBC6CAA-5DF4-4A02-969F-8A218830C274}.Release|iPhoneSimulator.ActiveCfg = Release|Any CPU
		{CEBC6CAA-5DF4-4A02-969F-8A218830C274}.Release|Mixed Platforms.ActiveCfg = Release|Any CPU
		{CEBC6CAA-5DF4-4A02-969F-8A218830C274}.Release|x64.ActiveCfg = Release|Any CPU
		{CEBC6CAA-5DF4-4A02-969F-8A218830C274}.Release|x86.ActiveCfg = Release|Any CPU
		{C69BAD61-901B-44C6-8989-1B06CEF1C491}.Ad-Hoc|Any CPU.ActiveCfg = Release|Any CPU
		{C69BAD61-901B-44C6-8989-1B06CEF1C491}.Ad-Hoc|Any CPU.Build.0 = Release|Any CPU
		{C69BAD61-901B-44C6-8989-1B06CEF1C491}.Ad-Hoc|ARM.ActiveCfg = Release|Any CPU
		{C69BAD61-901B-44C6-8989-1B06CEF1C491}.Ad-Hoc|iPhone.ActiveCfg = Release|Any CPU
		{C69BAD61-901B-44C6-8989-1B06CEF1C491}.Ad-Hoc|iPhoneSimulator.ActiveCfg = Release|Any CPU
		{C69BAD61-901B-44C6-8989-1B06CEF1C491}.Ad-Hoc|Mixed Platforms.ActiveCfg = Release|Any CPU
		{C69BAD61-901B-44C6-8989-1B06CEF1C491}.Ad-Hoc|Mixed Platforms.Build.0 = Release|Any CPU
		{C69BAD61-901B-44C6-8989-1B06CEF1C491}.Ad-Hoc|x64.ActiveCfg = Release|Any CPU
		{C69BAD61-901B-44C6-8989-1B06CEF1C491}.Ad-Hoc|x86.ActiveCfg = Release|Any CPU
		{C69BAD61-901B-44C6-8989-1B06CEF1C491}.AppStore|Any CPU.ActiveCfg = Release|Any CPU
		{C69BAD61-901B-44C6-8989-1B06CEF1C491}.AppStore|Any CPU.Build.0 = Release|Any CPU
		{C69BAD61-901B-44C6-8989-1B06CEF1C491}.AppStore|ARM.ActiveCfg = Release|Any CPU
		{C69BAD61-901B-44C6-8989-1B06CEF1C491}.AppStore|iPhone.ActiveCfg = Release|Any CPU
		{C69BAD61-901B-44C6-8989-1B06CEF1C491}.AppStore|iPhoneSimulator.ActiveCfg = Release|Any CPU
		{C69BAD61-901B-44C6-8989-1B06CEF1C491}.AppStore|Mixed Platforms.ActiveCfg = Release|Any CPU
		{C69BAD61-901B-44C6-8989-1B06CEF1C491}.AppStore|Mixed Platforms.Build.0 = Release|Any CPU
		{C69BAD61-901B-44C6-8989-1B06CEF1C491}.AppStore|x64.ActiveCfg = Release|Any CPU
		{C69BAD61-901B-44C6-8989-1B06CEF1C491}.AppStore|x86.ActiveCfg = Release|Any CPU
		{C69BAD61-901B-44C6-8989-1B06CEF1C491}.Debug|Any CPU.ActiveCfg = Debug|Any CPU
		{C69BAD61-901B-44C6-8989-1B06CEF1C491}.Debug|Any CPU.Build.0 = Debug|Any CPU
		{C69BAD61-901B-44C6-8989-1B06CEF1C491}.Debug|ARM.ActiveCfg = Debug|Any CPU
		{C69BAD61-901B-44C6-8989-1B06CEF1C491}.Debug|iPhone.ActiveCfg = Debug|Any CPU
		{C69BAD61-901B-44C6-8989-1B06CEF1C491}.Debug|iPhoneSimulator.ActiveCfg = Debug|Any CPU
		{C69BAD61-901B-44C6-8989-1B06CEF1C491}.Debug|Mixed Platforms.ActiveCfg = Debug|Any CPU
		{C69BAD61-901B-44C6-8989-1B06CEF1C491}.Debug|Mixed Platforms.Build.0 = Debug|Any CPU
		{C69BAD61-901B-44C6-8989-1B06CEF1C491}.Debug|x64.ActiveCfg = Debug|Any CPU
		{C69BAD61-901B-44C6-8989-1B06CEF1C491}.Debug|x86.ActiveCfg = Debug|Any CPU
		{C69BAD61-901B-44C6-8989-1B06CEF1C491}.Release|Any CPU.ActiveCfg = Release|Any CPU
		{C69BAD61-901B-44C6-8989-1B06CEF1C491}.Release|Any CPU.Build.0 = Release|Any CPU
		{C69BAD61-901B-44C6-8989-1B06CEF1C491}.Release|ARM.ActiveCfg = Release|Any CPU
		{C69BAD61-901B-44C6-8989-1B06CEF1C491}.Release|iPhone.ActiveCfg = Release|Any CPU
		{C69BAD61-901B-44C6-8989-1B06CEF1C491}.Release|iPhone.Build.0 = Release|Any CPU
		{C69BAD61-901B-44C6-8989-1B06CEF1C491}.Release|iPhoneSimulator.ActiveCfg = Release|Any CPU
		{C69BAD61-901B-44C6-8989-1B06CEF1C491}.Release|Mixed Platforms.ActiveCfg = Release|Any CPU
		{C69BAD61-901B-44C6-8989-1B06CEF1C491}.Release|Mixed Platforms.Build.0 = Release|Any CPU
		{C69BAD61-901B-44C6-8989-1B06CEF1C491}.Release|x64.ActiveCfg = Release|Any CPU
		{C69BAD61-901B-44C6-8989-1B06CEF1C491}.Release|x86.ActiveCfg = Release|Any CPU
		{C7D874AD-6010-4143-B976-59BFE8EBC176}.Ad-Hoc|Any CPU.ActiveCfg = Release|Any CPU
		{C7D874AD-6010-4143-B976-59BFE8EBC176}.Ad-Hoc|Any CPU.Build.0 = Release|Any CPU
		{C7D874AD-6010-4143-B976-59BFE8EBC176}.Ad-Hoc|Any CPU.Deploy.0 = Release|Any CPU
		{C7D874AD-6010-4143-B976-59BFE8EBC176}.Ad-Hoc|ARM.ActiveCfg = Release|ARM
		{C7D874AD-6010-4143-B976-59BFE8EBC176}.Ad-Hoc|ARM.Build.0 = Release|ARM
		{C7D874AD-6010-4143-B976-59BFE8EBC176}.Ad-Hoc|ARM.Deploy.0 = Release|ARM
		{C7D874AD-6010-4143-B976-59BFE8EBC176}.Ad-Hoc|iPhone.ActiveCfg = Release|Any CPU
		{C7D874AD-6010-4143-B976-59BFE8EBC176}.Ad-Hoc|iPhoneSimulator.ActiveCfg = Release|Any CPU
		{C7D874AD-6010-4143-B976-59BFE8EBC176}.Ad-Hoc|Mixed Platforms.ActiveCfg = Release|x86
		{C7D874AD-6010-4143-B976-59BFE8EBC176}.Ad-Hoc|Mixed Platforms.Build.0 = Release|x86
		{C7D874AD-6010-4143-B976-59BFE8EBC176}.Ad-Hoc|Mixed Platforms.Deploy.0 = Release|x86
		{C7D874AD-6010-4143-B976-59BFE8EBC176}.Ad-Hoc|x64.ActiveCfg = Release|x64
		{C7D874AD-6010-4143-B976-59BFE8EBC176}.Ad-Hoc|x64.Build.0 = Release|x64
		{C7D874AD-6010-4143-B976-59BFE8EBC176}.Ad-Hoc|x64.Deploy.0 = Release|x64
		{C7D874AD-6010-4143-B976-59BFE8EBC176}.Ad-Hoc|x86.ActiveCfg = Release|x86
		{C7D874AD-6010-4143-B976-59BFE8EBC176}.Ad-Hoc|x86.Build.0 = Release|x86
		{C7D874AD-6010-4143-B976-59BFE8EBC176}.Ad-Hoc|x86.Deploy.0 = Release|x86
		{C7D874AD-6010-4143-B976-59BFE8EBC176}.AppStore|Any CPU.ActiveCfg = Release|Any CPU
		{C7D874AD-6010-4143-B976-59BFE8EBC176}.AppStore|Any CPU.Build.0 = Release|Any CPU
		{C7D874AD-6010-4143-B976-59BFE8EBC176}.AppStore|Any CPU.Deploy.0 = Release|Any CPU
		{C7D874AD-6010-4143-B976-59BFE8EBC176}.AppStore|ARM.ActiveCfg = Release|ARM
		{C7D874AD-6010-4143-B976-59BFE8EBC176}.AppStore|ARM.Build.0 = Release|ARM
		{C7D874AD-6010-4143-B976-59BFE8EBC176}.AppStore|ARM.Deploy.0 = Release|ARM
		{C7D874AD-6010-4143-B976-59BFE8EBC176}.AppStore|iPhone.ActiveCfg = Release|Any CPU
		{C7D874AD-6010-4143-B976-59BFE8EBC176}.AppStore|iPhoneSimulator.ActiveCfg = Release|Any CPU
		{C7D874AD-6010-4143-B976-59BFE8EBC176}.AppStore|Mixed Platforms.ActiveCfg = Release|x86
		{C7D874AD-6010-4143-B976-59BFE8EBC176}.AppStore|Mixed Platforms.Build.0 = Release|x86
		{C7D874AD-6010-4143-B976-59BFE8EBC176}.AppStore|Mixed Platforms.Deploy.0 = Release|x86
		{C7D874AD-6010-4143-B976-59BFE8EBC176}.AppStore|x64.ActiveCfg = Release|x64
		{C7D874AD-6010-4143-B976-59BFE8EBC176}.AppStore|x64.Build.0 = Release|x64
		{C7D874AD-6010-4143-B976-59BFE8EBC176}.AppStore|x64.Deploy.0 = Release|x64
		{C7D874AD-6010-4143-B976-59BFE8EBC176}.AppStore|x86.ActiveCfg = Release|x86
		{C7D874AD-6010-4143-B976-59BFE8EBC176}.AppStore|x86.Build.0 = Release|x86
		{C7D874AD-6010-4143-B976-59BFE8EBC176}.AppStore|x86.Deploy.0 = Release|x86
		{C7D874AD-6010-4143-B976-59BFE8EBC176}.Debug|Any CPU.ActiveCfg = Debug|Any CPU
		{C7D874AD-6010-4143-B976-59BFE8EBC176}.Debug|Any CPU.Build.0 = Debug|Any CPU
		{C7D874AD-6010-4143-B976-59BFE8EBC176}.Debug|Any CPU.Deploy.0 = Debug|Any CPU
		{C7D874AD-6010-4143-B976-59BFE8EBC176}.Debug|ARM.ActiveCfg = Debug|ARM
		{C7D874AD-6010-4143-B976-59BFE8EBC176}.Debug|ARM.Build.0 = Debug|ARM
		{C7D874AD-6010-4143-B976-59BFE8EBC176}.Debug|ARM.Deploy.0 = Debug|ARM
		{C7D874AD-6010-4143-B976-59BFE8EBC176}.Debug|iPhone.ActiveCfg = Debug|Any CPU
		{C7D874AD-6010-4143-B976-59BFE8EBC176}.Debug|iPhoneSimulator.ActiveCfg = Debug|Any CPU
		{C7D874AD-6010-4143-B976-59BFE8EBC176}.Debug|Mixed Platforms.ActiveCfg = Debug|x86
		{C7D874AD-6010-4143-B976-59BFE8EBC176}.Debug|x64.ActiveCfg = Debug|x64
		{C7D874AD-6010-4143-B976-59BFE8EBC176}.Debug|x64.Build.0 = Debug|x64
		{C7D874AD-6010-4143-B976-59BFE8EBC176}.Debug|x64.Deploy.0 = Debug|x64
		{C7D874AD-6010-4143-B976-59BFE8EBC176}.Debug|x86.ActiveCfg = Debug|x86
		{C7D874AD-6010-4143-B976-59BFE8EBC176}.Debug|x86.Build.0 = Debug|x86
		{C7D874AD-6010-4143-B976-59BFE8EBC176}.Debug|x86.Deploy.0 = Debug|x86
		{C7D874AD-6010-4143-B976-59BFE8EBC176}.Release|Any CPU.ActiveCfg = Release|Any CPU
		{C7D874AD-6010-4143-B976-59BFE8EBC176}.Release|Any CPU.Deploy.0 = Release|Any CPU
		{C7D874AD-6010-4143-B976-59BFE8EBC176}.Release|ARM.ActiveCfg = Release|ARM
		{C7D874AD-6010-4143-B976-59BFE8EBC176}.Release|ARM.Build.0 = Release|ARM
		{C7D874AD-6010-4143-B976-59BFE8EBC176}.Release|ARM.Deploy.0 = Release|ARM
		{C7D874AD-6010-4143-B976-59BFE8EBC176}.Release|iPhone.ActiveCfg = Release|Any CPU
		{C7D874AD-6010-4143-B976-59BFE8EBC176}.Release|iPhoneSimulator.ActiveCfg = Release|Any CPU
		{C7D874AD-6010-4143-B976-59BFE8EBC176}.Release|Mixed Platforms.ActiveCfg = Release|ARM
		{C7D874AD-6010-4143-B976-59BFE8EBC176}.Release|x64.ActiveCfg = Release|x64
		{C7D874AD-6010-4143-B976-59BFE8EBC176}.Release|x64.Build.0 = Release|x64
		{C7D874AD-6010-4143-B976-59BFE8EBC176}.Release|x64.Deploy.0 = Release|x64
		{C7D874AD-6010-4143-B976-59BFE8EBC176}.Release|x86.ActiveCfg = Release|x86
		{C7D874AD-6010-4143-B976-59BFE8EBC176}.Release|x86.Build.0 = Release|x86
		{C7D874AD-6010-4143-B976-59BFE8EBC176}.Release|x86.Deploy.0 = Release|x86
		{B0E217AF-B014-4805-9F86-B299ADAAC6A2}.Ad-Hoc|Any CPU.ActiveCfg = Release|Any CPU
		{B0E217AF-B014-4805-9F86-B299ADAAC6A2}.Ad-Hoc|Any CPU.Build.0 = Release|Any CPU
		{B0E217AF-B014-4805-9F86-B299ADAAC6A2}.Ad-Hoc|Any CPU.Deploy.0 = Release|Any CPU
		{B0E217AF-B014-4805-9F86-B299ADAAC6A2}.Ad-Hoc|ARM.ActiveCfg = Release|ARM
		{B0E217AF-B014-4805-9F86-B299ADAAC6A2}.Ad-Hoc|ARM.Build.0 = Release|ARM
		{B0E217AF-B014-4805-9F86-B299ADAAC6A2}.Ad-Hoc|ARM.Deploy.0 = Release|ARM
		{B0E217AF-B014-4805-9F86-B299ADAAC6A2}.Ad-Hoc|iPhone.ActiveCfg = Release|Any CPU
		{B0E217AF-B014-4805-9F86-B299ADAAC6A2}.Ad-Hoc|iPhoneSimulator.ActiveCfg = Release|Any CPU
		{B0E217AF-B014-4805-9F86-B299ADAAC6A2}.Ad-Hoc|Mixed Platforms.ActiveCfg = Release|x86
		{B0E217AF-B014-4805-9F86-B299ADAAC6A2}.Ad-Hoc|Mixed Platforms.Build.0 = Release|x86
		{B0E217AF-B014-4805-9F86-B299ADAAC6A2}.Ad-Hoc|Mixed Platforms.Deploy.0 = Release|x86
		{B0E217AF-B014-4805-9F86-B299ADAAC6A2}.Ad-Hoc|x64.ActiveCfg = Release|Any CPU
		{B0E217AF-B014-4805-9F86-B299ADAAC6A2}.Ad-Hoc|x86.ActiveCfg = Release|x86
		{B0E217AF-B014-4805-9F86-B299ADAAC6A2}.Ad-Hoc|x86.Build.0 = Release|x86
		{B0E217AF-B014-4805-9F86-B299ADAAC6A2}.Ad-Hoc|x86.Deploy.0 = Release|x86
		{B0E217AF-B014-4805-9F86-B299ADAAC6A2}.AppStore|Any CPU.ActiveCfg = Release|Any CPU
		{B0E217AF-B014-4805-9F86-B299ADAAC6A2}.AppStore|Any CPU.Build.0 = Release|Any CPU
		{B0E217AF-B014-4805-9F86-B299ADAAC6A2}.AppStore|Any CPU.Deploy.0 = Release|Any CPU
		{B0E217AF-B014-4805-9F86-B299ADAAC6A2}.AppStore|ARM.ActiveCfg = Release|ARM
		{B0E217AF-B014-4805-9F86-B299ADAAC6A2}.AppStore|ARM.Build.0 = Release|ARM
		{B0E217AF-B014-4805-9F86-B299ADAAC6A2}.AppStore|ARM.Deploy.0 = Release|ARM
		{B0E217AF-B014-4805-9F86-B299ADAAC6A2}.AppStore|iPhone.ActiveCfg = Release|Any CPU
		{B0E217AF-B014-4805-9F86-B299ADAAC6A2}.AppStore|iPhoneSimulator.ActiveCfg = Release|Any CPU
		{B0E217AF-B014-4805-9F86-B299ADAAC6A2}.AppStore|Mixed Platforms.ActiveCfg = Release|x86
		{B0E217AF-B014-4805-9F86-B299ADAAC6A2}.AppStore|Mixed Platforms.Build.0 = Release|x86
		{B0E217AF-B014-4805-9F86-B299ADAAC6A2}.AppStore|Mixed Platforms.Deploy.0 = Release|x86
		{B0E217AF-B014-4805-9F86-B299ADAAC6A2}.AppStore|x64.ActiveCfg = Release|Any CPU
		{B0E217AF-B014-4805-9F86-B299ADAAC6A2}.AppStore|x86.ActiveCfg = Release|x86
		{B0E217AF-B014-4805-9F86-B299ADAAC6A2}.AppStore|x86.Build.0 = Release|x86
		{B0E217AF-B014-4805-9F86-B299ADAAC6A2}.AppStore|x86.Deploy.0 = Release|x86
		{B0E217AF-B014-4805-9F86-B299ADAAC6A2}.Debug|Any CPU.ActiveCfg = Debug|Any CPU
		{B0E217AF-B014-4805-9F86-B299ADAAC6A2}.Debug|Any CPU.Build.0 = Debug|Any CPU
		{B0E217AF-B014-4805-9F86-B299ADAAC6A2}.Debug|Any CPU.Deploy.0 = Debug|Any CPU
		{B0E217AF-B014-4805-9F86-B299ADAAC6A2}.Debug|ARM.ActiveCfg = Debug|ARM
		{B0E217AF-B014-4805-9F86-B299ADAAC6A2}.Debug|ARM.Build.0 = Debug|ARM
		{B0E217AF-B014-4805-9F86-B299ADAAC6A2}.Debug|ARM.Deploy.0 = Debug|ARM
		{B0E217AF-B014-4805-9F86-B299ADAAC6A2}.Debug|iPhone.ActiveCfg = Debug|Any CPU
		{B0E217AF-B014-4805-9F86-B299ADAAC6A2}.Debug|iPhoneSimulator.ActiveCfg = Debug|Any CPU
		{B0E217AF-B014-4805-9F86-B299ADAAC6A2}.Debug|Mixed Platforms.ActiveCfg = Debug|x86
		{B0E217AF-B014-4805-9F86-B299ADAAC6A2}.Debug|x64.ActiveCfg = Debug|Any CPU
		{B0E217AF-B014-4805-9F86-B299ADAAC6A2}.Debug|x86.ActiveCfg = Debug|x86
		{B0E217AF-B014-4805-9F86-B299ADAAC6A2}.Debug|x86.Build.0 = Debug|x86
		{B0E217AF-B014-4805-9F86-B299ADAAC6A2}.Debug|x86.Deploy.0 = Debug|x86
		{B0E217AF-B014-4805-9F86-B299ADAAC6A2}.Release|Any CPU.ActiveCfg = Release|Any CPU
		{B0E217AF-B014-4805-9F86-B299ADAAC6A2}.Release|Any CPU.Deploy.0 = Release|Any CPU
		{B0E217AF-B014-4805-9F86-B299ADAAC6A2}.Release|ARM.ActiveCfg = Release|ARM
		{B0E217AF-B014-4805-9F86-B299ADAAC6A2}.Release|ARM.Build.0 = Release|ARM
		{B0E217AF-B014-4805-9F86-B299ADAAC6A2}.Release|ARM.Deploy.0 = Release|ARM
		{B0E217AF-B014-4805-9F86-B299ADAAC6A2}.Release|iPhone.ActiveCfg = Release|Any CPU
		{B0E217AF-B014-4805-9F86-B299ADAAC6A2}.Release|iPhoneSimulator.ActiveCfg = Release|Any CPU
		{B0E217AF-B014-4805-9F86-B299ADAAC6A2}.Release|Mixed Platforms.ActiveCfg = Release|x86
		{B0E217AF-B014-4805-9F86-B299ADAAC6A2}.Release|x64.ActiveCfg = Release|Any CPU
		{B0E217AF-B014-4805-9F86-B299ADAAC6A2}.Release|x86.ActiveCfg = Release|x86
		{B0E217AF-B014-4805-9F86-B299ADAAC6A2}.Release|x86.Build.0 = Release|x86
		{B0E217AF-B014-4805-9F86-B299ADAAC6A2}.Release|x86.Deploy.0 = Release|x86
		{D376A30A-CDF4-4F5B-81DF-6819C3F852B7}.Ad-Hoc|Any CPU.ActiveCfg = Release|Any CPU
		{D376A30A-CDF4-4F5B-81DF-6819C3F852B7}.Ad-Hoc|Any CPU.Build.0 = Release|Any CPU
		{D376A30A-CDF4-4F5B-81DF-6819C3F852B7}.Ad-Hoc|ARM.ActiveCfg = Release|Any CPU
		{D376A30A-CDF4-4F5B-81DF-6819C3F852B7}.Ad-Hoc|iPhone.ActiveCfg = Release|Any CPU
		{D376A30A-CDF4-4F5B-81DF-6819C3F852B7}.Ad-Hoc|iPhoneSimulator.ActiveCfg = Release|Any CPU
		{D376A30A-CDF4-4F5B-81DF-6819C3F852B7}.Ad-Hoc|Mixed Platforms.ActiveCfg = Release|Any CPU
		{D376A30A-CDF4-4F5B-81DF-6819C3F852B7}.Ad-Hoc|Mixed Platforms.Build.0 = Release|Any CPU
		{D376A30A-CDF4-4F5B-81DF-6819C3F852B7}.Ad-Hoc|x64.ActiveCfg = Release|Any CPU
		{D376A30A-CDF4-4F5B-81DF-6819C3F852B7}.Ad-Hoc|x86.ActiveCfg = Release|Any CPU
		{D376A30A-CDF4-4F5B-81DF-6819C3F852B7}.AppStore|Any CPU.ActiveCfg = Release|Any CPU
		{D376A30A-CDF4-4F5B-81DF-6819C3F852B7}.AppStore|Any CPU.Build.0 = Release|Any CPU
		{D376A30A-CDF4-4F5B-81DF-6819C3F852B7}.AppStore|ARM.ActiveCfg = Release|Any CPU
		{D376A30A-CDF4-4F5B-81DF-6819C3F852B7}.AppStore|iPhone.ActiveCfg = Release|Any CPU
		{D376A30A-CDF4-4F5B-81DF-6819C3F852B7}.AppStore|iPhoneSimulator.ActiveCfg = Release|Any CPU
		{D376A30A-CDF4-4F5B-81DF-6819C3F852B7}.AppStore|Mixed Platforms.ActiveCfg = Release|Any CPU
		{D376A30A-CDF4-4F5B-81DF-6819C3F852B7}.AppStore|Mixed Platforms.Build.0 = Release|Any CPU
		{D376A30A-CDF4-4F5B-81DF-6819C3F852B7}.AppStore|x64.ActiveCfg = Release|Any CPU
		{D376A30A-CDF4-4F5B-81DF-6819C3F852B7}.AppStore|x86.ActiveCfg = Release|Any CPU
		{D376A30A-CDF4-4F5B-81DF-6819C3F852B7}.Debug|Any CPU.ActiveCfg = Debug|Any CPU
		{D376A30A-CDF4-4F5B-81DF-6819C3F852B7}.Debug|Any CPU.Build.0 = Debug|Any CPU
		{D376A30A-CDF4-4F5B-81DF-6819C3F852B7}.Debug|ARM.ActiveCfg = Debug|Any CPU
		{D376A30A-CDF4-4F5B-81DF-6819C3F852B7}.Debug|iPhone.ActiveCfg = Debug|Any CPU
		{D376A30A-CDF4-4F5B-81DF-6819C3F852B7}.Debug|iPhoneSimulator.ActiveCfg = Debug|Any CPU
		{D376A30A-CDF4-4F5B-81DF-6819C3F852B7}.Debug|Mixed Platforms.ActiveCfg = Debug|Any CPU
		{D376A30A-CDF4-4F5B-81DF-6819C3F852B7}.Debug|x64.ActiveCfg = Debug|Any CPU
		{D376A30A-CDF4-4F5B-81DF-6819C3F852B7}.Debug|x86.ActiveCfg = Debug|Any CPU
		{D376A30A-CDF4-4F5B-81DF-6819C3F852B7}.Release|Any CPU.ActiveCfg = Release|Any CPU
		{D376A30A-CDF4-4F5B-81DF-6819C3F852B7}.Release|Any CPU.Build.0 = Release|Any CPU
		{D376A30A-CDF4-4F5B-81DF-6819C3F852B7}.Release|ARM.ActiveCfg = Release|Any CPU
		{D376A30A-CDF4-4F5B-81DF-6819C3F852B7}.Release|iPhone.ActiveCfg = Release|Any CPU
		{D376A30A-CDF4-4F5B-81DF-6819C3F852B7}.Release|iPhone.Build.0 = Release|Any CPU
		{D376A30A-CDF4-4F5B-81DF-6819C3F852B7}.Release|iPhoneSimulator.ActiveCfg = Release|Any CPU
		{D376A30A-CDF4-4F5B-81DF-6819C3F852B7}.Release|Mixed Platforms.ActiveCfg = Release|Any CPU
		{D376A30A-CDF4-4F5B-81DF-6819C3F852B7}.Release|x64.ActiveCfg = Release|Any CPU
		{D376A30A-CDF4-4F5B-81DF-6819C3F852B7}.Release|x86.ActiveCfg = Release|Any CPU
		{6DDC3464-30AE-4B3F-B3F5-F0723708ED7C}.Ad-Hoc|Any CPU.ActiveCfg = Ad-Hoc|iPhone
		{6DDC3464-30AE-4B3F-B3F5-F0723708ED7C}.Ad-Hoc|ARM.ActiveCfg = Ad-Hoc|iPhone
		{6DDC3464-30AE-4B3F-B3F5-F0723708ED7C}.Ad-Hoc|iPhone.ActiveCfg = Ad-Hoc|iPhone
		{6DDC3464-30AE-4B3F-B3F5-F0723708ED7C}.Ad-Hoc|iPhone.Build.0 = Ad-Hoc|iPhone
		{6DDC3464-30AE-4B3F-B3F5-F0723708ED7C}.Ad-Hoc|iPhoneSimulator.ActiveCfg = Ad-Hoc|iPhoneSimulator
		{6DDC3464-30AE-4B3F-B3F5-F0723708ED7C}.Ad-Hoc|iPhoneSimulator.Build.0 = Ad-Hoc|iPhoneSimulator
		{6DDC3464-30AE-4B3F-B3F5-F0723708ED7C}.Ad-Hoc|Mixed Platforms.ActiveCfg = Ad-Hoc|iPhone
		{6DDC3464-30AE-4B3F-B3F5-F0723708ED7C}.Ad-Hoc|Mixed Platforms.Build.0 = Ad-Hoc|iPhone
		{6DDC3464-30AE-4B3F-B3F5-F0723708ED7C}.Ad-Hoc|x64.ActiveCfg = Ad-Hoc|iPhone
		{6DDC3464-30AE-4B3F-B3F5-F0723708ED7C}.Ad-Hoc|x86.ActiveCfg = Ad-Hoc|iPhone
		{6DDC3464-30AE-4B3F-B3F5-F0723708ED7C}.AppStore|Any CPU.ActiveCfg = AppStore|iPhone
		{6DDC3464-30AE-4B3F-B3F5-F0723708ED7C}.AppStore|ARM.ActiveCfg = AppStore|iPhone
		{6DDC3464-30AE-4B3F-B3F5-F0723708ED7C}.AppStore|iPhone.ActiveCfg = AppStore|iPhone
		{6DDC3464-30AE-4B3F-B3F5-F0723708ED7C}.AppStore|iPhone.Build.0 = AppStore|iPhone
		{6DDC3464-30AE-4B3F-B3F5-F0723708ED7C}.AppStore|iPhoneSimulator.ActiveCfg = AppStore|iPhoneSimulator
		{6DDC3464-30AE-4B3F-B3F5-F0723708ED7C}.AppStore|iPhoneSimulator.Build.0 = AppStore|iPhoneSimulator
		{6DDC3464-30AE-4B3F-B3F5-F0723708ED7C}.AppStore|Mixed Platforms.ActiveCfg = AppStore|iPhone
		{6DDC3464-30AE-4B3F-B3F5-F0723708ED7C}.AppStore|Mixed Platforms.Build.0 = AppStore|iPhone
		{6DDC3464-30AE-4B3F-B3F5-F0723708ED7C}.AppStore|x64.ActiveCfg = AppStore|iPhone
		{6DDC3464-30AE-4B3F-B3F5-F0723708ED7C}.AppStore|x86.ActiveCfg = AppStore|iPhone
		{6DDC3464-30AE-4B3F-B3F5-F0723708ED7C}.Debug|Any CPU.ActiveCfg = Debug|iPhone
		{6DDC3464-30AE-4B3F-B3F5-F0723708ED7C}.Debug|ARM.ActiveCfg = Debug|iPhone
		{6DDC3464-30AE-4B3F-B3F5-F0723708ED7C}.Debug|iPhone.ActiveCfg = Debug|iPhone
		{6DDC3464-30AE-4B3F-B3F5-F0723708ED7C}.Debug|iPhone.Build.0 = Debug|iPhone
		{6DDC3464-30AE-4B3F-B3F5-F0723708ED7C}.Debug|iPhoneSimulator.ActiveCfg = Debug|iPhoneSimulator
		{6DDC3464-30AE-4B3F-B3F5-F0723708ED7C}.Debug|iPhoneSimulator.Build.0 = Debug|iPhoneSimulator
		{6DDC3464-30AE-4B3F-B3F5-F0723708ED7C}.Debug|Mixed Platforms.ActiveCfg = Debug|iPhone
		{6DDC3464-30AE-4B3F-B3F5-F0723708ED7C}.Debug|Mixed Platforms.Deploy.0 = Debug|iPhone
		{6DDC3464-30AE-4B3F-B3F5-F0723708ED7C}.Debug|x64.ActiveCfg = Debug|iPhone
		{6DDC3464-30AE-4B3F-B3F5-F0723708ED7C}.Debug|x86.ActiveCfg = Debug|iPhone
		{6DDC3464-30AE-4B3F-B3F5-F0723708ED7C}.Release|Any CPU.ActiveCfg = Release|iPhone
		{6DDC3464-30AE-4B3F-B3F5-F0723708ED7C}.Release|ARM.ActiveCfg = Release|iPhone
		{6DDC3464-30AE-4B3F-B3F5-F0723708ED7C}.Release|iPhone.ActiveCfg = Release|iPhone
		{6DDC3464-30AE-4B3F-B3F5-F0723708ED7C}.Release|iPhone.Build.0 = Release|iPhone
		{6DDC3464-30AE-4B3F-B3F5-F0723708ED7C}.Release|iPhoneSimulator.ActiveCfg = Release|iPhoneSimulator
		{6DDC3464-30AE-4B3F-B3F5-F0723708ED7C}.Release|iPhoneSimulator.Build.0 = Release|iPhoneSimulator
		{6DDC3464-30AE-4B3F-B3F5-F0723708ED7C}.Release|Mixed Platforms.ActiveCfg = Release|iPhone
		{6DDC3464-30AE-4B3F-B3F5-F0723708ED7C}.Release|x64.ActiveCfg = Release|iPhone
		{6DDC3464-30AE-4B3F-B3F5-F0723708ED7C}.Release|x86.ActiveCfg = Release|iPhone
		{71CF513F-5327-4EFB-9CAF-4F1BC9A0FD39}.Ad-Hoc|Any CPU.ActiveCfg = Release|Any CPU
		{71CF513F-5327-4EFB-9CAF-4F1BC9A0FD39}.Ad-Hoc|Any CPU.Build.0 = Release|Any CPU
		{71CF513F-5327-4EFB-9CAF-4F1BC9A0FD39}.Ad-Hoc|Any CPU.Deploy.0 = Release|Any CPU
		{71CF513F-5327-4EFB-9CAF-4F1BC9A0FD39}.Ad-Hoc|ARM.ActiveCfg = Release|Any CPU
		{71CF513F-5327-4EFB-9CAF-4F1BC9A0FD39}.Ad-Hoc|iPhone.ActiveCfg = Release|Any CPU
		{71CF513F-5327-4EFB-9CAF-4F1BC9A0FD39}.Ad-Hoc|iPhoneSimulator.ActiveCfg = Release|Any CPU
		{71CF513F-5327-4EFB-9CAF-4F1BC9A0FD39}.Ad-Hoc|Mixed Platforms.ActiveCfg = Release|Any CPU
		{71CF513F-5327-4EFB-9CAF-4F1BC9A0FD39}.Ad-Hoc|Mixed Platforms.Build.0 = Release|Any CPU
		{71CF513F-5327-4EFB-9CAF-4F1BC9A0FD39}.Ad-Hoc|Mixed Platforms.Deploy.0 = Release|Any CPU
		{71CF513F-5327-4EFB-9CAF-4F1BC9A0FD39}.Ad-Hoc|x64.ActiveCfg = Release|Any CPU
		{71CF513F-5327-4EFB-9CAF-4F1BC9A0FD39}.Ad-Hoc|x86.ActiveCfg = Release|Any CPU
		{71CF513F-5327-4EFB-9CAF-4F1BC9A0FD39}.AppStore|Any CPU.ActiveCfg = Release|Any CPU
		{71CF513F-5327-4EFB-9CAF-4F1BC9A0FD39}.AppStore|Any CPU.Build.0 = Release|Any CPU
		{71CF513F-5327-4EFB-9CAF-4F1BC9A0FD39}.AppStore|Any CPU.Deploy.0 = Release|Any CPU
		{71CF513F-5327-4EFB-9CAF-4F1BC9A0FD39}.AppStore|ARM.ActiveCfg = Release|Any CPU
		{71CF513F-5327-4EFB-9CAF-4F1BC9A0FD39}.AppStore|iPhone.ActiveCfg = Release|Any CPU
		{71CF513F-5327-4EFB-9CAF-4F1BC9A0FD39}.AppStore|iPhoneSimulator.ActiveCfg = Release|Any CPU
		{71CF513F-5327-4EFB-9CAF-4F1BC9A0FD39}.AppStore|Mixed Platforms.ActiveCfg = Release|Any CPU
		{71CF513F-5327-4EFB-9CAF-4F1BC9A0FD39}.AppStore|Mixed Platforms.Build.0 = Release|Any CPU
		{71CF513F-5327-4EFB-9CAF-4F1BC9A0FD39}.AppStore|Mixed Platforms.Deploy.0 = Release|Any CPU
		{71CF513F-5327-4EFB-9CAF-4F1BC9A0FD39}.AppStore|x64.ActiveCfg = Release|Any CPU
		{71CF513F-5327-4EFB-9CAF-4F1BC9A0FD39}.AppStore|x86.ActiveCfg = Release|Any CPU
		{71CF513F-5327-4EFB-9CAF-4F1BC9A0FD39}.Debug|Any CPU.ActiveCfg = Debug|Any CPU
		{71CF513F-5327-4EFB-9CAF-4F1BC9A0FD39}.Debug|Any CPU.Build.0 = Debug|Any CPU
		{71CF513F-5327-4EFB-9CAF-4F1BC9A0FD39}.Debug|Any CPU.Deploy.0 = Debug|Any CPU
		{71CF513F-5327-4EFB-9CAF-4F1BC9A0FD39}.Debug|ARM.ActiveCfg = Debug|Any CPU
		{71CF513F-5327-4EFB-9CAF-4F1BC9A0FD39}.Debug|iPhone.ActiveCfg = Debug|Any CPU
		{71CF513F-5327-4EFB-9CAF-4F1BC9A0FD39}.Debug|iPhoneSimulator.ActiveCfg = Debug|Any CPU
		{71CF513F-5327-4EFB-9CAF-4F1BC9A0FD39}.Debug|Mixed Platforms.ActiveCfg = Debug|Any CPU
		{71CF513F-5327-4EFB-9CAF-4F1BC9A0FD39}.Debug|x64.ActiveCfg = Debug|Any CPU
		{71CF513F-5327-4EFB-9CAF-4F1BC9A0FD39}.Debug|x86.ActiveCfg = Debug|Any CPU
		{71CF513F-5327-4EFB-9CAF-4F1BC9A0FD39}.Release|Any CPU.ActiveCfg = Release|Any CPU
		{71CF513F-5327-4EFB-9CAF-4F1BC9A0FD39}.Release|Any CPU.Build.0 = Release|Any CPU
		{71CF513F-5327-4EFB-9CAF-4F1BC9A0FD39}.Release|Any CPU.Deploy.0 = Release|Any CPU
		{71CF513F-5327-4EFB-9CAF-4F1BC9A0FD39}.Release|ARM.ActiveCfg = Release|Any CPU
		{71CF513F-5327-4EFB-9CAF-4F1BC9A0FD39}.Release|iPhone.ActiveCfg = Release|Any CPU
		{71CF513F-5327-4EFB-9CAF-4F1BC9A0FD39}.Release|iPhoneSimulator.ActiveCfg = Release|Any CPU
		{71CF513F-5327-4EFB-9CAF-4F1BC9A0FD39}.Release|Mixed Platforms.ActiveCfg = Release|Any CPU
		{71CF513F-5327-4EFB-9CAF-4F1BC9A0FD39}.Release|x64.ActiveCfg = Release|Any CPU
		{71CF513F-5327-4EFB-9CAF-4F1BC9A0FD39}.Release|x86.ActiveCfg = Release|Any CPU
		{F38C332A-A2F6-453E-BCE2-1E724047A7B4}.Ad-Hoc|Any CPU.ActiveCfg = Release|Any CPU
		{F38C332A-A2F6-453E-BCE2-1E724047A7B4}.Ad-Hoc|Any CPU.Build.0 = Release|Any CPU
		{F38C332A-A2F6-453E-BCE2-1E724047A7B4}.Ad-Hoc|Any CPU.Deploy.0 = Release|Any CPU
		{F38C332A-A2F6-453E-BCE2-1E724047A7B4}.Ad-Hoc|ARM.ActiveCfg = Release|ARM
		{F38C332A-A2F6-453E-BCE2-1E724047A7B4}.Ad-Hoc|ARM.Build.0 = Release|ARM
		{F38C332A-A2F6-453E-BCE2-1E724047A7B4}.Ad-Hoc|ARM.Deploy.0 = Release|ARM
		{F38C332A-A2F6-453E-BCE2-1E724047A7B4}.Ad-Hoc|iPhone.ActiveCfg = Release|Any CPU
		{F38C332A-A2F6-453E-BCE2-1E724047A7B4}.Ad-Hoc|iPhoneSimulator.ActiveCfg = Release|Any CPU
		{F38C332A-A2F6-453E-BCE2-1E724047A7B4}.Ad-Hoc|Mixed Platforms.ActiveCfg = Release|x86
		{F38C332A-A2F6-453E-BCE2-1E724047A7B4}.Ad-Hoc|Mixed Platforms.Build.0 = Release|x86
		{F38C332A-A2F6-453E-BCE2-1E724047A7B4}.Ad-Hoc|Mixed Platforms.Deploy.0 = Release|x86
		{F38C332A-A2F6-453E-BCE2-1E724047A7B4}.Ad-Hoc|x64.ActiveCfg = Release|Any CPU
		{F38C332A-A2F6-453E-BCE2-1E724047A7B4}.Ad-Hoc|x86.ActiveCfg = Release|x86
		{F38C332A-A2F6-453E-BCE2-1E724047A7B4}.Ad-Hoc|x86.Build.0 = Release|x86
		{F38C332A-A2F6-453E-BCE2-1E724047A7B4}.Ad-Hoc|x86.Deploy.0 = Release|x86
		{F38C332A-A2F6-453E-BCE2-1E724047A7B4}.AppStore|Any CPU.ActiveCfg = Release|Any CPU
		{F38C332A-A2F6-453E-BCE2-1E724047A7B4}.AppStore|Any CPU.Build.0 = Release|Any CPU
		{F38C332A-A2F6-453E-BCE2-1E724047A7B4}.AppStore|Any CPU.Deploy.0 = Release|Any CPU
		{F38C332A-A2F6-453E-BCE2-1E724047A7B4}.AppStore|ARM.ActiveCfg = Release|ARM
		{F38C332A-A2F6-453E-BCE2-1E724047A7B4}.AppStore|ARM.Build.0 = Release|ARM
		{F38C332A-A2F6-453E-BCE2-1E724047A7B4}.AppStore|ARM.Deploy.0 = Release|ARM
		{F38C332A-A2F6-453E-BCE2-1E724047A7B4}.AppStore|iPhone.ActiveCfg = Release|Any CPU
		{F38C332A-A2F6-453E-BCE2-1E724047A7B4}.AppStore|iPhoneSimulator.ActiveCfg = Release|Any CPU
		{F38C332A-A2F6-453E-BCE2-1E724047A7B4}.AppStore|Mixed Platforms.ActiveCfg = Release|x86
		{F38C332A-A2F6-453E-BCE2-1E724047A7B4}.AppStore|Mixed Platforms.Build.0 = Release|x86
		{F38C332A-A2F6-453E-BCE2-1E724047A7B4}.AppStore|Mixed Platforms.Deploy.0 = Release|x86
		{F38C332A-A2F6-453E-BCE2-1E724047A7B4}.AppStore|x64.ActiveCfg = Release|Any CPU
		{F38C332A-A2F6-453E-BCE2-1E724047A7B4}.AppStore|x86.ActiveCfg = Release|x86
		{F38C332A-A2F6-453E-BCE2-1E724047A7B4}.AppStore|x86.Build.0 = Release|x86
		{F38C332A-A2F6-453E-BCE2-1E724047A7B4}.AppStore|x86.Deploy.0 = Release|x86
		{F38C332A-A2F6-453E-BCE2-1E724047A7B4}.Debug|Any CPU.ActiveCfg = Debug|Any CPU
		{F38C332A-A2F6-453E-BCE2-1E724047A7B4}.Debug|Any CPU.Build.0 = Debug|Any CPU
		{F38C332A-A2F6-453E-BCE2-1E724047A7B4}.Debug|Any CPU.Deploy.0 = Debug|Any CPU
		{F38C332A-A2F6-453E-BCE2-1E724047A7B4}.Debug|ARM.ActiveCfg = Debug|ARM
		{F38C332A-A2F6-453E-BCE2-1E724047A7B4}.Debug|ARM.Build.0 = Debug|ARM
		{F38C332A-A2F6-453E-BCE2-1E724047A7B4}.Debug|ARM.Deploy.0 = Debug|ARM
		{F38C332A-A2F6-453E-BCE2-1E724047A7B4}.Debug|iPhone.ActiveCfg = Debug|Any CPU
		{F38C332A-A2F6-453E-BCE2-1E724047A7B4}.Debug|iPhoneSimulator.ActiveCfg = Debug|Any CPU
		{F38C332A-A2F6-453E-BCE2-1E724047A7B4}.Debug|Mixed Platforms.ActiveCfg = Debug|x86
		{F38C332A-A2F6-453E-BCE2-1E724047A7B4}.Debug|x64.ActiveCfg = Debug|Any CPU
		{F38C332A-A2F6-453E-BCE2-1E724047A7B4}.Debug|x86.ActiveCfg = Debug|x86
		{F38C332A-A2F6-453E-BCE2-1E724047A7B4}.Debug|x86.Build.0 = Debug|x86
		{F38C332A-A2F6-453E-BCE2-1E724047A7B4}.Debug|x86.Deploy.0 = Debug|x86
		{F38C332A-A2F6-453E-BCE2-1E724047A7B4}.Release|Any CPU.ActiveCfg = Release|Any CPU
		{F38C332A-A2F6-453E-BCE2-1E724047A7B4}.Release|Any CPU.Build.0 = Release|Any CPU
		{F38C332A-A2F6-453E-BCE2-1E724047A7B4}.Release|Any CPU.Deploy.0 = Release|Any CPU
		{F38C332A-A2F6-453E-BCE2-1E724047A7B4}.Release|ARM.ActiveCfg = Release|ARM
		{F38C332A-A2F6-453E-BCE2-1E724047A7B4}.Release|ARM.Build.0 = Release|ARM
		{F38C332A-A2F6-453E-BCE2-1E724047A7B4}.Release|ARM.Deploy.0 = Release|ARM
		{F38C332A-A2F6-453E-BCE2-1E724047A7B4}.Release|iPhone.ActiveCfg = Release|Any CPU
		{F38C332A-A2F6-453E-BCE2-1E724047A7B4}.Release|iPhoneSimulator.ActiveCfg = Release|Any CPU
		{F38C332A-A2F6-453E-BCE2-1E724047A7B4}.Release|Mixed Platforms.ActiveCfg = Release|x86
		{F38C332A-A2F6-453E-BCE2-1E724047A7B4}.Release|x64.ActiveCfg = Release|Any CPU
		{F38C332A-A2F6-453E-BCE2-1E724047A7B4}.Release|x86.ActiveCfg = Release|x86
		{F38C332A-A2F6-453E-BCE2-1E724047A7B4}.Release|x86.Build.0 = Release|x86
		{F38C332A-A2F6-453E-BCE2-1E724047A7B4}.Release|x86.Deploy.0 = Release|x86
	EndGlobalSection
	GlobalSection(SolutionProperties) = preSolution
		HideSolutionNode = FALSE
	EndGlobalSection
	GlobalSection(NestedProjects) = preSolution
		{75252F5A-D3F2-4A4E-ADDC-560E1E3C2066} = {7814C2BC-C24B-42F6-B58C-2F7A3E9D87C3}
		{D8590BBA-340E-4368-A96A-E5298FA40BCA} = {7814C2BC-C24B-42F6-B58C-2F7A3E9D87C3}
		{99D70006-C0B7-452D-B14F-39B7653EE3E7} = {A66646EE-F186-4916-B712-CCA06991BD1A}
		{52486ECD-DF22-4733-B559-376D478B2CBC} = {A66646EE-F186-4916-B712-CCA06991BD1A}
		{212FE907-7411-4661-B2D4-6522893DEF5E} = {52486ECD-DF22-4733-B559-376D478B2CBC}
		{85DDD489-DC36-43AF-864A-395168A0EB54} = {99D70006-C0B7-452D-B14F-39B7653EE3E7}
		{28F8DFE5-0FDF-4C8A-9FA1-A42D8C8C55C5} = {A66646EE-F186-4916-B712-CCA06991BD1A}
		{569D0C97-4009-47A9-BAB9-8A2B9FB6D913} = {28F8DFE5-0FDF-4C8A-9FA1-A42D8C8C55C5}
		{B9F15DC4-6C62-498B-A64A-FAB7A79CFFA2} = {28F8DFE5-0FDF-4C8A-9FA1-A42D8C8C55C5}
		{B3B2DB10-CC6B-4C03-8E5E-B603B83BB694} = {28F8DFE5-0FDF-4C8A-9FA1-A42D8C8C55C5}
		{CEBC6CAA-5DF4-4A02-969F-8A218830C274} = {28F8DFE5-0FDF-4C8A-9FA1-A42D8C8C55C5}
		{C69BAD61-901B-44C6-8989-1B06CEF1C491} = {7814C2BC-C24B-42F6-B58C-2F7A3E9D87C3}
		{C7D874AD-6010-4143-B976-59BFE8EBC176} = {28F8DFE5-0FDF-4C8A-9FA1-A42D8C8C55C5}
		{B0E217AF-B014-4805-9F86-B299ADAAC6A2} = {28F8DFE5-0FDF-4C8A-9FA1-A42D8C8C55C5}
		{D376A30A-CDF4-4F5B-81DF-6819C3F852B7} = {28F8DFE5-0FDF-4C8A-9FA1-A42D8C8C55C5}
		{6DDC3464-30AE-4B3F-B3F5-F0723708ED7C} = {28F8DFE5-0FDF-4C8A-9FA1-A42D8C8C55C5}
		{71CF513F-5327-4EFB-9CAF-4F1BC9A0FD39} = {28F8DFE5-0FDF-4C8A-9FA1-A42D8C8C55C5}
		{F38C332A-A2F6-453E-BCE2-1E724047A7B4} = {28F8DFE5-0FDF-4C8A-9FA1-A42D8C8C55C5}
	EndGlobalSection
EndGlobal
